{
  "version": 4,
  "terraform_version": "0.12.1",
  "serial": 139,
  "lineage": "846703af-c3d0-ea02-bbbc-8176a98467eb",
  "outputs": {},
  "resources": [
    {
      "module": "module.app",
      "mode": "data",
      "type": "aws_route53_zone",
      "name": "hosted_zone",
      "provider": "provider.aws",
      "instances": [
        {
          "schema_version": 0,
          "attributes": {
            "caller_reference": "RISWorkflow-RD:eea7f5e7-0739-460d-8c63-efff38278ba7",
            "comment": "HostedZone created by Route53 Registrar",
            "id": "Z3CCIZELFLJ3SC",
            "name": "spartaglobal.education.",
            "name_servers": [
              "ns-958.awsdns-55.net",
              "ns-1839.awsdns-37.co.uk",
              "ns-1107.awsdns-10.org",
              "ns-327.awsdns-40.com"
            ],
            "private_zone": false,
            "resource_record_set_count": 12,
            "tags": null,
            "vpc_id": null,
            "zone_id": "Z3CCIZELFLJ3SC"
          }
        }
      ]
    },
    {
      "mode": "data",
      "type": "template_file",
      "name": "app_init",
      "each": "list",
      "provider": "provider.template",
      "instances": [
        {
          "index_key": 0,
          "schema_version": 0,
          "attributes": {
            "filename": null,
            "id": "5c28b995973ed96c3f26622974de6b1c0ce988899acf358409447510ee2e5545",
            "rendered": "#!/bin/bash\n\ncd /home/ubuntu/app\nexport DB_HOST=mongodb://10.44.1.22:27017/posts\npm2 start app.js\n",
            "template": "#!/bin/bash\n\ncd /home/ubuntu/app\nexport DB_HOST=${db_host}\npm2 start app.js\n",
            "vars": {
              "db_host": "mongodb://10.44.1.22:27017/posts"
            }
          },
          "depends_on": [
            "module.db"
          ]
        },
        {
          "index_key": 1,
          "schema_version": 0,
          "attributes": {
            "filename": null,
            "id": "5c28b995973ed96c3f26622974de6b1c0ce988899acf358409447510ee2e5545",
            "rendered": "#!/bin/bash\n\ncd /home/ubuntu/app\nexport DB_HOST=mongodb://10.44.1.22:27017/posts\npm2 start app.js\n",
            "template": "#!/bin/bash\n\ncd /home/ubuntu/app\nexport DB_HOST=${db_host}\npm2 start app.js\n",
            "vars": {
              "db_host": "mongodb://10.44.1.22:27017/posts"
            }
          },
          "depends_on": [
            "module.db"
          ]
        },
        {
          "index_key": 2,
          "schema_version": 0,
          "attributes": {
            "filename": null,
            "id": "5c28b995973ed96c3f26622974de6b1c0ce988899acf358409447510ee2e5545",
            "rendered": "#!/bin/bash\n\ncd /home/ubuntu/app\nexport DB_HOST=mongodb://10.44.1.22:27017/posts\npm2 start app.js\n",
            "template": "#!/bin/bash\n\ncd /home/ubuntu/app\nexport DB_HOST=${db_host}\npm2 start app.js\n",
            "vars": {
              "db_host": "mongodb://10.44.1.22:27017/posts"
            }
          },
          "depends_on": [
            "module.db"
          ]
        }
      ]
    },
    {
      "module": "module.app",
      "mode": "managed",
      "type": "aws_autoscaling_group",
      "name": "app",
      "provider": "provider.aws",
      "instances": [
        {
          "schema_version": 0,
          "attributes": {
            "arn": "arn:aws:autoscaling:eu-west-1:135928476890:autoScalingGroup:6b62190e-b00e-4b7d-89bd-efb9a69ebcd5:autoScalingGroupName/tf-asg-20190619074846298800000001",
            "availability_zones": [
              "eu-west-1a",
              "eu-west-1b",
              "eu-west-1c"
            ],
            "default_cooldown": 300,
            "desired_capacity": 3,
            "enabled_metrics": [],
            "force_delete": false,
            "health_check_grace_period": 300,
            "health_check_type": "ELB",
            "id": "tf-asg-20190619074846298800000001",
            "initial_lifecycle_hook": [],
            "launch_configuration": "terraform-20190619074652607500000001",
            "launch_template": [],
            "load_balancers": [
              "app-JB-route53"
            ],
            "max_size": 3,
            "metrics_granularity": "1Minute",
            "min_elb_capacity": null,
            "min_size": 3,
            "mixed_instances_policy": [],
            "name": "tf-asg-20190619074846298800000001",
            "name_prefix": null,
            "placement_group": "",
            "protect_from_scale_in": false,
            "service_linked_role_arn": "arn:aws:iam::135928476890:role/aws-service-role/autoscaling.amazonaws.com/AWSServiceRoleForAutoScaling",
            "suspended_processes": [],
            "tag": [
              {
                "key": "Name",
                "propagate_at_launch": true,
                "value": "app-JB-route53"
              }
            ],
            "tags": null,
            "target_group_arns": [],
            "termination_policies": [],
            "timeouts": null,
            "vpc_zone_identifier": [
              "subnet-01be6e165ba6b57a2",
              "subnet-054643cc9f89ff00d",
              "subnet-0abba46d64df59e0b"
            ],
            "wait_for_capacity_timeout": "10m",
            "wait_for_elb_capacity": null
          },
          "depends_on": [
            "aws_elb.app",
            "aws_launch_configuration.app",
            "aws_subnet.app"
          ]
        }
      ]
    },
    {
      "module": "module.app",
      "mode": "managed",
      "type": "aws_elb",
      "name": "app",
      "provider": "provider.aws",
      "instances": [
        {
          "schema_version": 0,
          "attributes": {
            "access_logs": [],
            "arn": "arn:aws:elasticloadbalancing:eu-west-1:135928476890:loadbalancer/app-JB-route53",
            "availability_zones": [
              "eu-west-1a",
              "eu-west-1b",
              "eu-west-1c"
            ],
            "connection_draining": false,
            "connection_draining_timeout": 300,
            "cross_zone_load_balancing": true,
            "dns_name": "app-JB-route53-1069513756.eu-west-1.elb.amazonaws.com",
            "health_check": [
              {
                "healthy_threshold": 2,
                "interval": 30,
                "target": "HTTP:80/",
                "timeout": 5,
                "unhealthy_threshold": 2
              }
            ],
            "id": "app-JB-route53",
            "idle_timeout": 60,
            "instances": [
              "i-0034a9bd5249b9f68",
              "i-02c9f5ea9b9e77762",
              "i-075366bded563eacd"
            ],
            "internal": false,
            "listener": [
              {
                "instance_port": 80,
                "instance_protocol": "http",
                "lb_port": 80,
                "lb_protocol": "http",
                "ssl_certificate_id": ""
              }
            ],
            "name": "app-JB-route53",
            "name_prefix": null,
            "security_groups": [
              "sg-0a99a0a1d2903349e"
            ],
            "source_security_group": "135928476890/app-JB-route53",
            "source_security_group_id": "sg-0a99a0a1d2903349e",
            "subnets": [
              "subnet-01be6e165ba6b57a2",
              "subnet-054643cc9f89ff00d",
              "subnet-0abba46d64df59e0b"
            ],
            "tags": {},
            "zone_id": "Z32O12XQLNTSW2"
          },
          "depends_on": [
            "aws_security_group.app",
            "aws_subnet.app"
          ]
        }
      ]
    },
    {
      "module": "module.db",
      "mode": "managed",
      "type": "aws_instance",
      "name": "db",
      "each": "list",
      "provider": "provider.aws",
      "instances": [
        {
          "index_key": 0,
          "schema_version": 1,
          "attributes": {
            "ami": "ami-0f8fd53560ca320f6",
            "arn": "arn:aws:ec2:eu-west-1:135928476890:instance/i-0f0fbc2d58559fcae",
            "associate_public_ip_address": true,
            "availability_zone": "eu-west-1a",
            "cpu_core_count": 1,
            "cpu_threads_per_core": 1,
            "credit_specification": [
              {
                "cpu_credits": "standard"
              }
            ],
            "disable_api_termination": false,
            "ebs_block_device": [],
            "ebs_optimized": false,
            "ephemeral_block_device": [],
            "get_password_data": false,
            "host_id": null,
            "iam_instance_profile": "",
            "id": "i-0f0fbc2d58559fcae",
            "instance_initiated_shutdown_behavior": null,
            "instance_state": "running",
            "instance_type": "t2.micro",
            "ipv6_address_count": 0,
            "ipv6_addresses": [],
            "key_name": "Eng29-final-project-JB-route53",
            "monitoring": false,
            "network_interface": [],
            "network_interface_id": null,
            "password_data": "",
            "placement_group": "",
            "primary_network_interface_id": "eni-0b27489ccc517ef51",
            "private_dns": "ip-10-44-1-22.eu-west-1.compute.internal",
            "private_ip": "10.44.1.22",
            "public_dns": "ec2-34-242-51-202.eu-west-1.compute.amazonaws.com",
            "public_ip": "34.242.51.202",
            "root_block_device": [
              {
                "delete_on_termination": true,
                "iops": 100,
                "volume_id": "vol-07f628d54205620a9",
                "volume_size": 8,
                "volume_type": "gp2"
              }
            ],
            "security_groups": [],
            "source_dest_check": true,
            "subnet_id": "subnet-0c34bc2ba3483ff2a",
            "tags": {
              "Name": "app-JB-route53-db"
            },
            "tenancy": "default",
            "timeouts": null,
            "user_data": null,
            "user_data_base64": null,
            "volume_tags": {},
            "vpc_security_group_ids": [
              "sg-07306df5f3bc02150"
            ]
          },
          "depends_on": [
            "aws_security_group.db",
            "aws_subnet.db"
          ]
        },
        {
          "index_key": 1,
          "schema_version": 1,
          "attributes": {
            "ami": "ami-0f8fd53560ca320f6",
            "arn": "arn:aws:ec2:eu-west-1:135928476890:instance/i-0b59448f4a03e94c5",
            "associate_public_ip_address": true,
            "availability_zone": "eu-west-1b",
            "cpu_core_count": 1,
            "cpu_threads_per_core": 1,
            "credit_specification": [
              {
                "cpu_credits": "standard"
              }
            ],
            "disable_api_termination": false,
            "ebs_block_device": [],
            "ebs_optimized": false,
            "ephemeral_block_device": [],
            "get_password_data": false,
            "host_id": null,
            "iam_instance_profile": "",
            "id": "i-0b59448f4a03e94c5",
            "instance_initiated_shutdown_behavior": null,
            "instance_state": "running",
            "instance_type": "t2.micro",
            "ipv6_address_count": 0,
            "ipv6_addresses": [],
            "key_name": "Eng29-final-project-JB-route53",
            "monitoring": false,
            "network_interface": [],
            "network_interface_id": null,
            "password_data": "",
            "placement_group": "",
            "primary_network_interface_id": "eni-0f9c24128d5c3f5d8",
            "private_dns": "ip-10-44-11-57.eu-west-1.compute.internal",
            "private_ip": "10.44.11.57",
            "public_dns": "ec2-34-252-138-162.eu-west-1.compute.amazonaws.com",
            "public_ip": "34.252.138.162",
            "root_block_device": [
              {
                "delete_on_termination": true,
                "iops": 100,
                "volume_id": "vol-08b645c9b88a52d3f",
                "volume_size": 8,
                "volume_type": "gp2"
              }
            ],
            "security_groups": [],
            "source_dest_check": true,
            "subnet_id": "subnet-0dee95983e132d82c",
            "tags": {
              "Name": "app-JB-route53-db"
            },
            "tenancy": "default",
            "timeouts": null,
            "user_data": null,
            "user_data_base64": null,
            "volume_tags": {},
            "vpc_security_group_ids": [
              "sg-07306df5f3bc02150"
            ]
          },
          "depends_on": [
            "aws_security_group.db",
            "aws_subnet.db"
          ]
        },
        {
          "index_key": 2,
          "schema_version": 1,
          "attributes": {
            "ami": "ami-0f8fd53560ca320f6",
            "arn": "arn:aws:ec2:eu-west-1:135928476890:instance/i-0d050eb6a38b00571",
            "associate_public_ip_address": true,
            "availability_zone": "eu-west-1c",
            "cpu_core_count": 1,
            "cpu_threads_per_core": 1,
            "credit_specification": [
              {
                "cpu_credits": "standard"
              }
            ],
            "disable_api_termination": false,
            "ebs_block_device": [],
            "ebs_optimized": false,
            "ephemeral_block_device": [],
            "get_password_data": false,
            "host_id": null,
            "iam_instance_profile": "",
            "id": "i-0d050eb6a38b00571",
            "instance_initiated_shutdown_behavior": null,
            "instance_state": "running",
            "instance_type": "t2.micro",
            "ipv6_address_count": 0,
            "ipv6_addresses": [],
            "key_name": "Eng29-final-project-JB-route53",
            "monitoring": false,
            "network_interface": [],
            "network_interface_id": null,
            "password_data": "",
            "placement_group": "",
            "primary_network_interface_id": "eni-0afc14d3d43802ba8",
            "private_dns": "ip-10-44-21-253.eu-west-1.compute.internal",
            "private_ip": "10.44.21.253",
            "public_dns": "ec2-52-19-193-147.eu-west-1.compute.amazonaws.com",
            "public_ip": "52.19.193.147",
            "root_block_device": [
              {
                "delete_on_termination": true,
                "iops": 100,
                "volume_id": "vol-0918014e1a21a6516",
                "volume_size": 8,
                "volume_type": "gp2"
              }
            ],
            "security_groups": [],
            "source_dest_check": true,
            "subnet_id": "subnet-0cff8149b3418e032",
            "tags": {
              "Name": "app-JB-route53-db"
            },
            "tenancy": "default",
            "timeouts": null,
            "user_data": null,
            "user_data_base64": null,
            "volume_tags": {},
            "vpc_security_group_ids": [
              "sg-07306df5f3bc02150"
            ]
          },
          "depends_on": [
            "aws_security_group.db",
            "aws_subnet.db"
          ]
        }
      ]
    },
    {
      "mode": "managed",
      "type": "aws_internet_gateway",
      "name": "app",
      "provider": "provider.aws",
      "instances": [
        {
          "schema_version": 0,
          "attributes": {
            "id": "igw-0728deae6f34d9094",
            "owner_id": "135928476890",
            "tags": {
              "Name": "app-JB-route53"
            },
            "vpc_id": "vpc-07093120246e9985d"
          },
          "depends_on": [
            "aws_vpc.app"
          ]
        }
      ]
    },
    {
      "mode": "managed",
      "type": "aws_key_pair",
      "name": "default",
      "provider": "provider.aws",
      "instances": [
        {
          "schema_version": 1,
          "attributes": {
            "fingerprint": "57:98:a5:64:02:a6:38:79:f2:a6:c0:53:7c:15:4d:c2",
            "id": "Eng29-final-project-JB-route53",
            "key_name": "Eng29-final-project-JB-route53",
            "key_name_prefix": null,
            "public_key": "ssh-rsa AAAAB3NzaC1yc2EAAAADAQABAAACAQDIBLziPSCZQhDsjyknqTvcMdCjtWbwbYeNo4Kma5u88bMEsurR7Uwj6EuN7R5S9FP5kqHRt0H74sQt0YRvOlDwYTAy/fG5C3oKoh1ZDxS6ZrDCzGbItuTCbx/+fgsZ60PgNirICeqGurNHhIkJqNhr0VXo0Bb/F9Gk8kEkMcNlvOJ96rgrxXx7ORua5HBSU+chyPiPceaV+cKSHwRa1uz60zdDj3dZP87UNjby808AD4eXl1tiuY2cV4ZYrNWPLCFZOTT9JEl5BDrwzTntVc5vyqjHNDqXLZvHNPbWTaHrJSBpKQ06h0E9DzxUM6kCbabhqcAMfloAihWVH9jkyFyOGAFp67qCP0vcWBV2JbxrskGB6/W2zptLTg+VoqLMYSybBj7UNVee7nY5H8EOV5rLXXAVyIRDfSfucerJFb0VRonogDyfDYoCsCPSIksgQpfZ/St6QarJUBCtpv3LdPMTBVej6k7YqYwlGNapwkq3DHHIIuRIF03fiK5+kEhirZpjbsXzbNykiGmjWHYWhlQ/KZNkYzs0hc8uCNGrwSHJjtSewdSr6xTB5qQsvDq/AMjXobfbrpPNCyrHWbFYTnZBm3e+YsKRqD9IxZHu7paSaTisqyGMY0I1jz2KWne9trypls1ksn9penqWTgX0ikaWjSKsZXE1fieurwA9E1DBWQ== jbachen@spartaglobal.com"
          }
        }
      ]
    },
    {
      "module": "module.app",
      "mode": "managed",
      "type": "aws_launch_configuration",
      "name": "app",
      "provider": "provider.aws",
      "instances": [
        {
          "schema_version": 0,
          "attributes": {
            "associate_public_ip_address": false,
            "ebs_block_device": [],
            "ebs_optimized": false,
            "enable_monitoring": true,
            "ephemeral_block_device": [],
            "iam_instance_profile": "",
            "id": "terraform-20190619074652607500000001",
            "image_id": "ami-0cc993bb92cca80d3",
            "instance_type": "t2.micro",
            "key_name": "Eng29-final-project-JB-route53",
            "name": "terraform-20190619074652607500000001",
            "name_prefix": null,
            "placement_tenancy": null,
            "root_block_device": [],
            "security_groups": [
              "sg-0a99a0a1d2903349e"
            ],
            "spot_price": "",
            "user_data": "6d72dc83c1793a1c0cf962bbd6e2aad460d05d36",
            "user_data_base64": null,
            "vpc_classic_link_id": "",
            "vpc_classic_link_security_groups": []
          },
          "depends_on": [
            "aws_security_group.app"
          ]
        }
      ]
    },
    {
      "module": "module.app",
      "mode": "managed",
      "type": "aws_network_acl",
      "name": "app",
      "each": "list",
      "provider": "provider.aws",
      "instances": [
        {
          "index_key": 0,
          "schema_version": 0,
          "attributes": {
            "egress": [
              {
                "action": "allow",
                "cidr_block": "0.0.0.0/0",
                "from_port": 1024,
                "icmp_code": 0,
                "icmp_type": 0,
                "ipv6_cidr_block": "",
                "protocol": "6",
                "rule_no": 120,
                "to_port": 65535
              },
              {
                "action": "allow",
                "cidr_block": "0.0.0.0/0",
                "from_port": 22,
                "icmp_code": 0,
                "icmp_type": 0,
                "ipv6_cidr_block": "",
                "protocol": "6",
                "rule_no": 130,
                "to_port": 22
              },
              {
                "action": "allow",
                "cidr_block": "0.0.0.0/0",
                "from_port": 80,
                "icmp_code": 0,
                "icmp_type": 0,
                "ipv6_cidr_block": "",
                "protocol": "6",
                "rule_no": 100,
                "to_port": 80
              }
            ],
            "id": "acl-05f982a7cbba1d9ea",
            "ingress": [
              {
                "action": "allow",
                "cidr_block": "0.0.0.0/0",
                "from_port": 1024,
                "icmp_code": 0,
                "icmp_type": 0,
                "ipv6_cidr_block": "",
                "protocol": "6",
                "rule_no": 120,
                "to_port": 65535
              },
              {
                "action": "allow",
                "cidr_block": "0.0.0.0/0",
                "from_port": 22,
                "icmp_code": 0,
                "icmp_type": 0,
                "ipv6_cidr_block": "",
                "protocol": "6",
                "rule_no": 130,
                "to_port": 22
              },
              {
                "action": "allow",
                "cidr_block": "0.0.0.0/0",
                "from_port": 80,
                "icmp_code": 0,
                "icmp_type": 0,
                "ipv6_cidr_block": "",
                "protocol": "6",
                "rule_no": 100,
                "to_port": 80
              }
            ],
            "owner_id": "135928476890",
            "subnet_id": null,
            "subnet_ids": [
              "subnet-0abba46d64df59e0b"
            ],
            "tags": {
              "Name": "app-JB-route53-0"
            },
            "vpc_id": "vpc-07093120246e9985d"
          },
          "depends_on": [
            "aws_subnet.app"
          ]
        },
        {
          "index_key": 1,
          "schema_version": 0,
          "attributes": {
            "egress": [
              {
                "action": "allow",
                "cidr_block": "0.0.0.0/0",
                "from_port": 1024,
                "icmp_code": 0,
                "icmp_type": 0,
                "ipv6_cidr_block": "",
                "protocol": "6",
                "rule_no": 120,
                "to_port": 65535
              },
              {
                "action": "allow",
                "cidr_block": "0.0.0.0/0",
                "from_port": 22,
                "icmp_code": 0,
                "icmp_type": 0,
                "ipv6_cidr_block": "",
                "protocol": "6",
                "rule_no": 130,
                "to_port": 22
              },
              {
                "action": "allow",
                "cidr_block": "0.0.0.0/0",
                "from_port": 80,
                "icmp_code": 0,
                "icmp_type": 0,
                "ipv6_cidr_block": "",
                "protocol": "6",
                "rule_no": 100,
                "to_port": 80
              }
            ],
            "id": "acl-0c855e72eddc2391f",
            "ingress": [
              {
                "action": "allow",
                "cidr_block": "0.0.0.0/0",
                "from_port": 1024,
                "icmp_code": 0,
                "icmp_type": 0,
                "ipv6_cidr_block": "",
                "protocol": "6",
                "rule_no": 120,
                "to_port": 65535
              },
              {
                "action": "allow",
                "cidr_block": "0.0.0.0/0",
                "from_port": 22,
                "icmp_code": 0,
                "icmp_type": 0,
                "ipv6_cidr_block": "",
                "protocol": "6",
                "rule_no": 130,
                "to_port": 22
              },
              {
                "action": "allow",
                "cidr_block": "0.0.0.0/0",
                "from_port": 80,
                "icmp_code": 0,
                "icmp_type": 0,
                "ipv6_cidr_block": "",
                "protocol": "6",
                "rule_no": 100,
                "to_port": 80
              }
            ],
            "owner_id": "135928476890",
            "subnet_id": null,
            "subnet_ids": [
              "subnet-01be6e165ba6b57a2"
            ],
            "tags": {
              "Name": "app-JB-route53-1"
            },
            "vpc_id": "vpc-07093120246e9985d"
          },
          "depends_on": [
            "aws_subnet.app"
          ]
        },
        {
          "index_key": 2,
          "schema_version": 0,
          "attributes": {
            "egress": [
              {
                "action": "allow",
                "cidr_block": "0.0.0.0/0",
                "from_port": 1024,
                "icmp_code": 0,
                "icmp_type": 0,
                "ipv6_cidr_block": "",
                "protocol": "6",
                "rule_no": 120,
                "to_port": 65535
              },
              {
                "action": "allow",
                "cidr_block": "0.0.0.0/0",
                "from_port": 22,
                "icmp_code": 0,
                "icmp_type": 0,
                "ipv6_cidr_block": "",
                "protocol": "6",
                "rule_no": 130,
                "to_port": 22
              },
              {
                "action": "allow",
                "cidr_block": "0.0.0.0/0",
                "from_port": 80,
                "icmp_code": 0,
                "icmp_type": 0,
                "ipv6_cidr_block": "",
                "protocol": "6",
                "rule_no": 100,
                "to_port": 80
              }
            ],
            "id": "acl-0520ddabdad180f9c",
            "ingress": [
              {
                "action": "allow",
                "cidr_block": "0.0.0.0/0",
                "from_port": 1024,
                "icmp_code": 0,
                "icmp_type": 0,
                "ipv6_cidr_block": "",
                "protocol": "6",
                "rule_no": 120,
                "to_port": 65535
              },
              {
                "action": "allow",
                "cidr_block": "0.0.0.0/0",
                "from_port": 22,
                "icmp_code": 0,
                "icmp_type": 0,
                "ipv6_cidr_block": "",
                "protocol": "6",
                "rule_no": 130,
                "to_port": 22
              },
              {
                "action": "allow",
                "cidr_block": "0.0.0.0/0",
                "from_port": 80,
                "icmp_code": 0,
                "icmp_type": 0,
                "ipv6_cidr_block": "",
                "protocol": "6",
                "rule_no": 100,
                "to_port": 80
              }
            ],
            "owner_id": "135928476890",
            "subnet_id": null,
            "subnet_ids": [
              "subnet-054643cc9f89ff00d"
            ],
            "tags": {
              "Name": "app-JB-route53-2"
            },
            "vpc_id": "vpc-07093120246e9985d"
          },
          "depends_on": [
            "aws_subnet.app"
          ]
        }
      ]
    },
    {
      "module": "module.db",
      "mode": "managed",
      "type": "aws_network_acl",
      "name": "db",
      "each": "list",
      "provider": "provider.aws",
      "instances": [
        {
          "index_key": 0,
          "schema_version": 0,
          "attributes": {
            "egress": [
              {
                "action": "allow",
                "cidr_block": "0.0.0.0/0",
                "from_port": 22,
                "icmp_code": 0,
                "icmp_type": 0,
                "ipv6_cidr_block": "",
                "protocol": "6",
                "rule_no": 130,
                "to_port": 22
              },
              {
                "action": "allow",
                "cidr_block": "10.17.0.0/16",
                "from_port": 1024,
                "icmp_code": 0,
                "icmp_type": 0,
                "ipv6_cidr_block": "",
                "protocol": "6",
                "rule_no": 120,
                "to_port": 65535
              }
            ],
            "id": "acl-0e1fa42986d54f978",
            "ingress": [
              {
                "action": "allow",
                "cidr_block": "0.0.0.0/0",
                "from_port": 22,
                "icmp_code": 0,
                "icmp_type": 0,
                "ipv6_cidr_block": "",
                "protocol": "6",
                "rule_no": 130,
                "to_port": 22
              },
              {
                "action": "allow",
                "cidr_block": "10.17.0.0/16",
                "from_port": 27017,
                "icmp_code": 0,
                "icmp_type": 0,
                "ipv6_cidr_block": "",
                "protocol": "6",
                "rule_no": 100,
                "to_port": 27017
              }
            ],
            "owner_id": "135928476890",
            "subnet_id": null,
            "subnet_ids": [
              "subnet-0c34bc2ba3483ff2a"
            ],
            "tags": {
              "Name": "app-JB-route53-db-0"
            },
            "vpc_id": "vpc-07093120246e9985d"
          },
          "depends_on": [
            "aws_subnet.db"
          ]
        },
        {
          "index_key": 1,
          "schema_version": 0,
          "attributes": {
            "egress": [
              {
                "action": "allow",
                "cidr_block": "0.0.0.0/0",
                "from_port": 22,
                "icmp_code": 0,
                "icmp_type": 0,
                "ipv6_cidr_block": "",
                "protocol": "6",
                "rule_no": 130,
                "to_port": 22
              },
              {
                "action": "allow",
                "cidr_block": "10.17.0.0/16",
                "from_port": 1024,
                "icmp_code": 0,
                "icmp_type": 0,
                "ipv6_cidr_block": "",
                "protocol": "6",
                "rule_no": 120,
                "to_port": 65535
              }
            ],
            "id": "acl-0588a4e304e833f2d",
            "ingress": [
              {
                "action": "allow",
                "cidr_block": "0.0.0.0/0",
                "from_port": 22,
                "icmp_code": 0,
                "icmp_type": 0,
                "ipv6_cidr_block": "",
                "protocol": "6",
                "rule_no": 130,
                "to_port": 22
              },
              {
                "action": "allow",
                "cidr_block": "10.17.0.0/16",
                "from_port": 27017,
                "icmp_code": 0,
                "icmp_type": 0,
                "ipv6_cidr_block": "",
                "protocol": "6",
                "rule_no": 100,
                "to_port": 27017
              }
            ],
            "owner_id": "135928476890",
            "subnet_id": null,
            "subnet_ids": [
              "subnet-0dee95983e132d82c"
            ],
            "tags": {
              "Name": "app-JB-route53-db-1"
            },
            "vpc_id": "vpc-07093120246e9985d"
          },
          "depends_on": [
            "aws_subnet.db"
          ]
        },
        {
          "index_key": 2,
          "schema_version": 0,
          "attributes": {
            "egress": [
              {
                "action": "allow",
                "cidr_block": "0.0.0.0/0",
                "from_port": 22,
                "icmp_code": 0,
                "icmp_type": 0,
                "ipv6_cidr_block": "",
                "protocol": "6",
                "rule_no": 130,
                "to_port": 22
              },
              {
                "action": "allow",
                "cidr_block": "10.17.0.0/16",
                "from_port": 1024,
                "icmp_code": 0,
                "icmp_type": 0,
                "ipv6_cidr_block": "",
                "protocol": "6",
                "rule_no": 120,
                "to_port": 65535
              }
            ],
            "id": "acl-0e7eeff02e68ad318",
            "ingress": [
              {
                "action": "allow",
                "cidr_block": "0.0.0.0/0",
                "from_port": 22,
                "icmp_code": 0,
                "icmp_type": 0,
                "ipv6_cidr_block": "",
                "protocol": "6",
                "rule_no": 130,
                "to_port": 22
              },
              {
                "action": "allow",
                "cidr_block": "10.17.0.0/16",
                "from_port": 27017,
                "icmp_code": 0,
                "icmp_type": 0,
                "ipv6_cidr_block": "",
                "protocol": "6",
                "rule_no": 100,
                "to_port": 27017
              }
            ],
            "owner_id": "135928476890",
            "subnet_id": null,
            "subnet_ids": [
              "subnet-0cff8149b3418e032"
            ],
            "tags": {
              "Name": "app-JB-route53-db-2"
            },
            "vpc_id": "vpc-07093120246e9985d"
          },
          "depends_on": [
            "aws_subnet.db"
          ]
        }
      ]
    },
    {
      "module": "module.app",
      "mode": "managed",
      "type": "aws_route53_record",
      "name": "dns_record_cname",
      "provider": "provider.aws",
      "instances": [
        {
          "schema_version": 2,
          "attributes": {
            "alias": [],
            "allow_overwrite": null,
            "failover_routing_policy": [],
            "fqdn": "app-jb-route53.local-cname.spartaglobal.education",
            "geolocation_routing_policy": [],
            "health_check_id": "",
            "id": "Z3CCIZELFLJ3SC_app-jb-route53.local-cname_CNAME_live",
            "latency_routing_policy": [],
            "multivalue_answer_routing_policy": null,
            "name": "app-jb-route53.local-cname",
            "records": [
              "app-jb-route53.a-record.spartaglobal.education."
            ],
            "set_identifier": "live",
            "ttl": 5,
            "type": "CNAME",
            "weighted_routing_policy": [
              {
                "weight": 100
              }
            ],
            "zone_id": "Z3CCIZELFLJ3SC"
          },
          "depends_on": [
            "aws_route53_record.www",
            "data.aws_route53_zone.hosted_zone"
          ]
        }
      ]
    },
    {
      "module": "module.app",
      "mode": "managed",
      "type": "aws_route53_record",
      "name": "dns_record_cname_live",
      "provider": "provider.aws",
      "instances": [
        {
          "schema_version": 2,
          "attributes": {
            "alias": [
              {
                "evaluate_target_health": true,
                "name": "app-jb-route53.local-cname.spartaglobal.education",
                "zone_id": "Z3CCIZELFLJ3SC"
              }
            ],
            "allow_overwrite": null,
            "failover_routing_policy": [],
            "fqdn": "app-jb-route53.spartaglobal.education",
            "geolocation_routing_policy": [],
            "health_check_id": "",
            "id": "Z3CCIZELFLJ3SC_app-jb-route53_CNAME_live",
            "latency_routing_policy": [],
            "multivalue_answer_routing_policy": null,
            "name": "app-jb-route53",
            "records": [],
            "set_identifier": "live",
            "ttl": 0,
            "type": "CNAME",
            "weighted_routing_policy": [
              {
                "weight": 100
              }
            ],
            "zone_id": "Z3CCIZELFLJ3SC"
          },
          "depends_on": [
            "data.aws_route53_zone.hosted_zone"
          ]
        }
      ]
    },
    {
      "module": "module.app",
      "mode": "managed",
      "type": "aws_route53_record",
      "name": "www",
      "provider": "provider.aws",
      "instances": [
        {
          "schema_version": 2,
          "attributes": {
            "alias": [
              {
                "evaluate_target_health": true,
                "name": "app-jb-route53-1069513756.eu-west-1.elb.amazonaws.com",
                "zone_id": "Z32O12XQLNTSW2"
              }
            ],
            "allow_overwrite": null,
            "failover_routing_policy": [],
            "fqdn": "app-jb-route53.a-record.spartaglobal.education",
            "geolocation_routing_policy": [],
            "health_check_id": "",
            "id": "Z3CCIZELFLJ3SC_app-jb-route53.a-record_A",
            "latency_routing_policy": [],
            "multivalue_answer_routing_policy": null,
            "name": "app-jb-route53.a-record",
            "records": [],
            "set_identifier": "",
            "ttl": 0,
            "type": "A",
            "weighted_routing_policy": [],
            "zone_id": "Z3CCIZELFLJ3SC"
          },
          "depends_on": [
            "aws_elb.app",
            "data.aws_route53_zone.hosted_zone"
          ]
        }
      ]
    },
    {
      "module": "module.app",
      "mode": "managed",
      "type": "aws_route_table",
      "name": "app",
      "provider": "provider.aws",
      "instances": [
        {
          "schema_version": 0,
          "attributes": {
            "id": "rtb-08d74c6a5d6230eee",
            "owner_id": "135928476890",
            "propagating_vgws": [],
            "route": [
              {
                "cidr_block": "0.0.0.0/0",
                "egress_only_gateway_id": "",
                "gateway_id": "igw-0728deae6f34d9094",
                "instance_id": "",
                "ipv6_cidr_block": "",
                "nat_gateway_id": "",
                "network_interface_id": "",
                "transit_gateway_id": "",
                "vpc_peering_connection_id": ""
              }
            ],
            "tags": {
              "Name": "app-JB-route53-public"
            },
            "vpc_id": "vpc-07093120246e9985d"
          }
        }
      ]
    },
    {
      "module": "module.db",
      "mode": "managed",
      "type": "aws_route_table",
      "name": "db",
      "provider": "provider.aws",
      "instances": [
        {
          "schema_version": 0,
          "attributes": {
            "id": "rtb-03013b866ef11e3dd",
            "owner_id": "135928476890",
            "propagating_vgws": [],
            "route": [
              {
                "cidr_block": "0.0.0.0/0",
                "egress_only_gateway_id": "",
                "gateway_id": "igw-0728deae6f34d9094",
                "instance_id": "",
                "ipv6_cidr_block": "",
                "nat_gateway_id": "",
                "network_interface_id": "",
                "transit_gateway_id": "",
                "vpc_peering_connection_id": ""
              }
            ],
            "tags": {
              "Name": "app-JB-route53-db-private"
            },
            "vpc_id": "vpc-07093120246e9985d"
          }
        }
      ]
    },
    {
      "module": "module.app",
      "mode": "managed",
      "type": "aws_route_table_association",
      "name": "app",
      "each": "list",
      "provider": "provider.aws",
      "instances": [
        {
          "index_key": 0,
          "schema_version": 0,
          "attributes": {
            "id": "rtbassoc-04536c7e3ff5feeef",
            "route_table_id": "rtb-08d74c6a5d6230eee",
            "subnet_id": "subnet-0abba46d64df59e0b"
          },
          "depends_on": [
            "aws_route_table.app",
            "aws_subnet.app"
          ]
        },
        {
          "index_key": 1,
          "schema_version": 0,
          "attributes": {
            "id": "rtbassoc-04e4934438b5f3e8e",
            "route_table_id": "rtb-08d74c6a5d6230eee",
            "subnet_id": "subnet-01be6e165ba6b57a2"
          },
          "depends_on": [
            "aws_route_table.app",
            "aws_subnet.app"
          ]
        },
        {
          "index_key": 2,
          "schema_version": 0,
          "attributes": {
            "id": "rtbassoc-0b9d86b21a495421e",
            "route_table_id": "rtb-08d74c6a5d6230eee",
            "subnet_id": "subnet-054643cc9f89ff00d"
          },
          "depends_on": [
            "aws_route_table.app",
            "aws_subnet.app"
          ]
        }
      ]
    },
    {
      "module": "module.db",
      "mode": "managed",
      "type": "aws_route_table_association",
      "name": "db",
      "each": "list",
      "provider": "provider.aws",
      "instances": [
        {
          "index_key": 0,
          "schema_version": 0,
          "attributes": {
            "id": "rtbassoc-0c61660a85ee3798f",
            "route_table_id": "rtb-03013b866ef11e3dd",
            "subnet_id": "subnet-0c34bc2ba3483ff2a"
          },
          "depends_on": [
            "aws_route_table.db",
            "aws_subnet.db"
          ]
        },
        {
          "index_key": 1,
          "schema_version": 0,
          "attributes": {
            "id": "rtbassoc-0e12374b3d28932e4",
            "route_table_id": "rtb-03013b866ef11e3dd",
            "subnet_id": "subnet-0dee95983e132d82c"
          },
          "depends_on": [
            "aws_route_table.db",
            "aws_subnet.db"
          ]
        },
        {
          "index_key": 2,
          "schema_version": 0,
          "attributes": {
            "id": "rtbassoc-086fa5beaa1c71bb1",
            "route_table_id": "rtb-03013b866ef11e3dd",
            "subnet_id": "subnet-0cff8149b3418e032"
          },
          "depends_on": [
            "aws_route_table.db",
            "aws_subnet.db"
          ]
        }
      ]
    },
    {
      "module": "module.app",
      "mode": "managed",
      "type": "aws_security_group",
      "name": "app",
      "provider": "provider.aws",
      "instances": [
        {
          "schema_version": 1,
          "attributes": {
            "arn": "arn:aws:ec2:eu-west-1:135928476890:security-group/sg-0a99a0a1d2903349e",
            "description": "app-JB-route53 access",
            "egress": [
              {
                "cidr_blocks": [
                  "0.0.0.0/0"
                ],
                "description": "",
                "from_port": 0,
                "ipv6_cidr_blocks": [],
                "prefix_list_ids": [],
                "protocol": "-1",
                "security_groups": [],
                "self": false,
                "to_port": 0
              },
              {
                "cidr_blocks": [
                  "0.0.0.0/0"
                ],
                "description": "",
                "from_port": 22,
                "ipv6_cidr_blocks": [],
                "prefix_list_ids": [],
                "protocol": "tcp",
                "security_groups": [],
                "self": false,
                "to_port": 22
              }
            ],
            "id": "sg-0a99a0a1d2903349e",
            "ingress": [
              {
                "cidr_blocks": [
                  "0.0.0.0/0"
                ],
                "description": "",
                "from_port": 22,
                "ipv6_cidr_blocks": [],
                "prefix_list_ids": [],
                "protocol": "tcp",
                "security_groups": [],
                "self": false,
                "to_port": 22
              },
              {
                "cidr_blocks": [
                  "0.0.0.0/0"
                ],
                "description": "",
                "from_port": 80,
                "ipv6_cidr_blocks": [],
                "prefix_list_ids": [],
                "protocol": "tcp",
                "security_groups": [],
                "self": false,
                "to_port": 80
              }
            ],
            "name": "app-JB-route53",
            "name_prefix": null,
            "owner_id": "135928476890",
            "revoke_rules_on_delete": false,
            "tags": {
              "Name": "app-JB-route53"
            },
            "timeouts": null,
            "vpc_id": "vpc-07093120246e9985d"
          }
        }
      ]
    },
    {
      "module": "module.db",
      "mode": "managed",
      "type": "aws_security_group",
      "name": "db",
      "provider": "provider.aws",
      "instances": [
        {
          "schema_version": 1,
          "attributes": {
            "arn": "arn:aws:ec2:eu-west-1:135928476890:security-group/sg-07306df5f3bc02150",
            "description": "app-JB-route53 db access",
            "egress": [
              {
                "cidr_blocks": [
                  "0.0.0.0/0"
                ],
                "description": "",
                "from_port": 0,
                "ipv6_cidr_blocks": [],
                "prefix_list_ids": [],
                "protocol": "-1",
                "security_groups": [],
                "self": false,
                "to_port": 0
              },
              {
                "cidr_blocks": [
                  "0.0.0.0/0"
                ],
                "description": "",
                "from_port": 22,
                "ipv6_cidr_blocks": [],
                "prefix_list_ids": [],
                "protocol": "tcp",
                "security_groups": [],
                "self": false,
                "to_port": 22
              }
            ],
            "id": "sg-07306df5f3bc02150",
            "ingress": [
              {
                "cidr_blocks": [
                  "0.0.0.0/0"
                ],
                "description": "",
                "from_port": 22,
                "ipv6_cidr_blocks": [],
                "prefix_list_ids": [],
                "protocol": "tcp",
                "security_groups": [],
                "self": false,
                "to_port": 22
              },
              {
                "cidr_blocks": [
                  "0.0.0.0/0"
                ],
                "description": "",
                "from_port": 27017,
                "ipv6_cidr_blocks": [],
                "prefix_list_ids": [],
                "protocol": "tcp",
                "security_groups": [
                  "sg-0a99a0a1d2903349e"
                ],
                "self": false,
                "to_port": 27017
              }
            ],
            "name": "app-JB-route53-db",
            "name_prefix": null,
            "owner_id": "135928476890",
            "revoke_rules_on_delete": false,
            "tags": {
              "Name": "app-JB-route53-db"
            },
            "timeouts": null,
            "vpc_id": "vpc-07093120246e9985d"
          }
        }
      ]
    },
    {
      "module": "module.app",
      "mode": "managed",
      "type": "aws_subnet",
      "name": "app",
      "each": "list",
      "provider": "provider.aws",
      "instances": [
        {
          "index_key": 0,
          "schema_version": 1,
          "attributes": {
            "arn": "arn:aws:ec2:eu-west-1:135928476890:subnet/subnet-0abba46d64df59e0b",
            "assign_ipv6_address_on_creation": false,
            "availability_zone": "eu-west-1a",
            "availability_zone_id": "euw1-az3",
            "cidr_block": "10.44.0.0/24",
            "id": "subnet-0abba46d64df59e0b",
            "ipv6_cidr_block": "",
            "ipv6_cidr_block_association_id": "",
            "map_public_ip_on_launch": true,
            "owner_id": "135928476890",
            "tags": {
              "Name": "app-JB-route53-0"
            },
            "timeouts": null,
            "vpc_id": "vpc-07093120246e9985d"
          }
        },
        {
          "index_key": 1,
          "schema_version": 1,
          "attributes": {
            "arn": "arn:aws:ec2:eu-west-1:135928476890:subnet/subnet-01be6e165ba6b57a2",
            "assign_ipv6_address_on_creation": false,
            "availability_zone": "eu-west-1b",
            "availability_zone_id": "euw1-az1",
            "cidr_block": "10.44.10.0/24",
            "id": "subnet-01be6e165ba6b57a2",
            "ipv6_cidr_block": "",
            "ipv6_cidr_block_association_id": "",
            "map_public_ip_on_launch": true,
            "owner_id": "135928476890",
            "tags": {
              "Name": "app-JB-route53-1"
            },
            "timeouts": null,
            "vpc_id": "vpc-07093120246e9985d"
          }
        },
        {
          "index_key": 2,
          "schema_version": 1,
          "attributes": {
            "arn": "arn:aws:ec2:eu-west-1:135928476890:subnet/subnet-054643cc9f89ff00d",
            "assign_ipv6_address_on_creation": false,
            "availability_zone": "eu-west-1c",
            "availability_zone_id": "euw1-az2",
            "cidr_block": "10.44.20.0/24",
            "id": "subnet-054643cc9f89ff00d",
            "ipv6_cidr_block": "",
            "ipv6_cidr_block_association_id": "",
            "map_public_ip_on_launch": true,
            "owner_id": "135928476890",
            "tags": {
              "Name": "app-JB-route53-2"
            },
            "timeouts": null,
            "vpc_id": "vpc-07093120246e9985d"
          }
        }
      ]
    },
    {
      "module": "module.db",
      "mode": "managed",
      "type": "aws_subnet",
      "name": "db",
      "each": "list",
      "provider": "provider.aws",
      "instances": [
        {
          "index_key": 0,
          "schema_version": 1,
          "attributes": {
            "arn": "arn:aws:ec2:eu-west-1:135928476890:subnet/subnet-0c34bc2ba3483ff2a",
            "assign_ipv6_address_on_creation": false,
            "availability_zone": "eu-west-1a",
            "availability_zone_id": "euw1-az3",
            "cidr_block": "10.44.1.0/24",
            "id": "subnet-0c34bc2ba3483ff2a",
            "ipv6_cidr_block": "",
            "ipv6_cidr_block_association_id": "",
            "map_public_ip_on_launch": true,
            "owner_id": "135928476890",
            "tags": {
              "Name": "app-JB-route53-db-0"
            },
            "timeouts": null,
            "vpc_id": "vpc-07093120246e9985d"
          }
        },
        {
          "index_key": 1,
          "schema_version": 1,
          "attributes": {
            "arn": "arn:aws:ec2:eu-west-1:135928476890:subnet/subnet-0dee95983e132d82c",
            "assign_ipv6_address_on_creation": false,
            "availability_zone": "eu-west-1b",
            "availability_zone_id": "euw1-az1",
            "cidr_block": "10.44.11.0/24",
            "id": "subnet-0dee95983e132d82c",
            "ipv6_cidr_block": "",
            "ipv6_cidr_block_association_id": "",
            "map_public_ip_on_launch": true,
            "owner_id": "135928476890",
            "tags": {
              "Name": "app-JB-route53-db-1"
            },
            "timeouts": null,
            "vpc_id": "vpc-07093120246e9985d"
          }
        },
        {
          "index_key": 2,
          "schema_version": 1,
          "attributes": {
            "arn": "arn:aws:ec2:eu-west-1:135928476890:subnet/subnet-0cff8149b3418e032",
            "assign_ipv6_address_on_creation": false,
            "availability_zone": "eu-west-1c",
            "availability_zone_id": "euw1-az2",
            "cidr_block": "10.44.21.0/24",
            "id": "subnet-0cff8149b3418e032",
            "ipv6_cidr_block": "",
            "ipv6_cidr_block_association_id": "",
            "map_public_ip_on_launch": true,
            "owner_id": "135928476890",
            "tags": {
              "Name": "app-JB-route53-db-2"
            },
            "timeouts": null,
            "vpc_id": "vpc-07093120246e9985d"
          }
        }
      ]
    },
    {
      "mode": "managed",
      "type": "aws_vpc",
      "name": "app",
      "provider": "provider.aws",
      "instances": [
        {
          "schema_version": 1,
          "attributes": {
            "arn": "arn:aws:ec2:eu-west-1:135928476890:vpc/vpc-07093120246e9985d",
            "assign_generated_ipv6_cidr_block": false,
            "cidr_block": "10.44.0.0/16",
            "default_network_acl_id": "acl-072475f1b06f2b410",
            "default_route_table_id": "rtb-010a1c0b596d89265",
            "default_security_group_id": "sg-0225c240dc0cb8db4",
            "dhcp_options_id": "dopt-18d5d77d",
            "enable_classiclink": false,
            "enable_classiclink_dns_support": false,
            "enable_dns_hostnames": true,
            "enable_dns_support": true,
            "id": "vpc-07093120246e9985d",
            "instance_tenancy": "default",
            "ipv6_association_id": "",
            "ipv6_cidr_block": "",
            "main_route_table_id": "rtb-010a1c0b596d89265",
            "owner_id": "135928476890",
            "tags": {
              "Name": "app-JB-route53"
            }
          }
        }
      ]
    }
  ]
}
