{
  "version": 4,
  "terraform_version": "0.12.1",
  "serial": 2496,
  "lineage": "669d8462-d5ac-809c-796a-0958512d800b",
  "outputs": {},
  "resources": [
    {
      "mode": "data",
      "type": "template_file",
      "name": "app_init",
      "provider": "provider.template",
      "instances": [
        {
          "schema_version": 0,
          "attributes": {
            "filename": null,
            "id": "8d1dcaee8a26fd11c16a471eca417293325bd565681b0d3aef4d3a17a0d320d7",
            "rendered": "#!/bin/bash\n\ncd /home/ubuntu/app\nexport DB_HOST=mongodb://10.17.1.27/24:27017/posts\npm2 start app.js\n",
            "template": "#!/bin/bash\n\ncd /home/ubuntu/app\nexport DB_HOST=${db_host}\npm2 start app.js\n",
            "vars": {
              "db_host": "mongodb://10.17.1.27/24:27017/posts"
            }
          },
          "depends_on": [
            "module.db"
          ]
        }
      ]
    },
    {
      "module": "module.app",
      "mode": "managed",
      "type": "aws_autoscaling_group",
      "name": "app",
      "provider": "provider.aws",
      "instances": [
        {
          "schema_version": 0,
          "attributes": {
            "arn": "arn:aws:autoscaling:eu-west-1:135928476890:autoScalingGroup:943d557c-0303-4486-9ab8-ad69954a02ff:autoScalingGroupName/tf-asg-20190618134010147800000001",
            "availability_zones": [
              "eu-west-1a",
              "eu-west-1b",
              "eu-west-1c"
            ],
            "default_cooldown": 300,
            "desired_capacity": 3,
            "enabled_metrics": null,
            "force_delete": false,
            "health_check_grace_period": 300,
            "health_check_type": "ELB",
            "id": "tf-asg-20190618134010147800000001",
            "initial_lifecycle_hook": [],
            "launch_configuration": "terraform-20190618133942073700000001",
            "launch_template": [],
            "load_balancers": [
              "app-aaron"
            ],
            "max_size": 3,
            "metrics_granularity": "1Minute",
            "min_elb_capacity": null,
            "min_size": 3,
            "mixed_instances_policy": [],
            "name": "tf-asg-20190618134010147800000001",
            "name_prefix": null,
            "placement_group": "",
            "protect_from_scale_in": false,
            "service_linked_role_arn": "arn:aws:iam::135928476890:role/aws-service-role/autoscaling.amazonaws.com/AWSServiceRoleForAutoScaling",
            "suspended_processes": null,
            "tag": [
              {
                "key": "Name",
                "propagate_at_launch": true,
                "value": "app-aaron"
              }
            ],
            "tags": null,
            "target_group_arns": [],
            "termination_policies": null,
            "timeouts": null,
            "vpc_zone_identifier": [
              "subnet-02917057be4321405",
              "subnet-03c8bdd2e110c1111",
              "subnet-0460fa4193f5138c3"
            ],
            "wait_for_capacity_timeout": "10m",
            "wait_for_elb_capacity": null
          },
          "depends_on": [
            "aws_elb.app",
            "aws_launch_configuration.app",
            "aws_subnet.app"
          ]
        }
      ]
    },
    {
      "module": "module.app",
      "mode": "managed",
      "type": "aws_elb",
      "name": "app",
      "provider": "provider.aws",
      "instances": [
        {
          "schema_version": 0,
          "attributes": {
            "access_logs": [],
            "arn": "arn:aws:elasticloadbalancing:eu-west-1:135928476890:loadbalancer/app-aaron",
            "availability_zones": [
              "eu-west-1a",
              "eu-west-1b",
              "eu-west-1c"
            ],
            "connection_draining": false,
            "connection_draining_timeout": 300,
            "cross_zone_load_balancing": true,
            "dns_name": "app-aaron-1362693988.eu-west-1.elb.amazonaws.com",
            "health_check": [
              {
                "healthy_threshold": 2,
                "interval": 30,
                "target": "HTTP:80/",
                "timeout": 5,
                "unhealthy_threshold": 2
              }
            ],
            "id": "app-aaron",
            "idle_timeout": 60,
            "instances": [],
            "internal": false,
            "listener": [
              {
                "instance_port": 3000,
                "instance_protocol": "http",
                "lb_port": 80,
                "lb_protocol": "http",
                "ssl_certificate_id": ""
              }
            ],
            "name": "app-aaron",
            "name_prefix": null,
            "security_groups": [
              "sg-0b20b3214b492a45d"
            ],
            "source_security_group": "135928476890/app-aaron",
            "source_security_group_id": "sg-0b20b3214b492a45d",
            "subnets": [
              "subnet-02917057be4321405",
              "subnet-03c8bdd2e110c1111",
              "subnet-0460fa4193f5138c3"
            ],
            "tags": {},
            "zone_id": "Z32O12XQLNTSW2"
          },
          "depends_on": [
            "aws_security_group.app",
            "aws_subnet.app"
          ]
        }
      ]
    },
    {
      "module": "module.db",
      "mode": "managed",
      "type": "aws_instance",
      "name": "db",
      "each": "list",
      "provider": "provider.aws",
      "instances": [
        {
          "index_key": 0,
          "schema_version": 1,
          "attributes": {
            "ami": "ami-0518342b85dd5f4e6",
            "arn": "arn:aws:ec2:eu-west-1:135928476890:instance/i-0812a3036d4362ac1",
            "associate_public_ip_address": true,
            "availability_zone": "eu-west-1a",
            "cpu_core_count": 1,
            "cpu_threads_per_core": 1,
            "credit_specification": [
              {
                "cpu_credits": "standard"
              }
            ],
            "disable_api_termination": false,
            "ebs_block_device": [],
            "ebs_optimized": false,
            "ephemeral_block_device": [],
            "get_password_data": false,
            "host_id": null,
            "iam_instance_profile": "",
            "id": "i-0812a3036d4362ac1",
            "instance_initiated_shutdown_behavior": null,
            "instance_state": "running",
            "instance_type": "t2.micro",
            "ipv6_address_count": 0,
            "ipv6_addresses": [],
            "key_name": "Eng29-final-project",
            "monitoring": false,
            "network_interface": [],
            "network_interface_id": null,
            "password_data": "",
            "placement_group": "",
            "primary_network_interface_id": "eni-0ae0e79921a662c9d",
            "private_dns": "ip-10-17-1-27.eu-west-1.compute.internal",
            "private_ip": "10.17.1.27",
            "public_dns": "",
            "public_ip": "34.240.14.38",
            "root_block_device": [
              {
                "delete_on_termination": true,
                "iops": 100,
                "volume_id": "vol-0f5cf50857ecd535e",
                "volume_size": 8,
                "volume_type": "gp2"
              }
            ],
            "security_groups": [],
            "source_dest_check": true,
            "subnet_id": "subnet-0fad876932695a9c1",
            "tags": {
              "Name": "app-aaron-db"
            },
            "tenancy": "default",
            "timeouts": null,
            "user_data": null,
            "user_data_base64": null,
            "volume_tags": {},
            "vpc_security_group_ids": [
              "sg-0e77255a7c66a1cb0"
            ]
          },
          "depends_on": [
            "aws_security_group.db",
            "aws_subnet.db"
          ]
        },
        {
          "index_key": 1,
          "schema_version": 1,
          "attributes": {
            "ami": "ami-0518342b85dd5f4e6",
            "arn": "arn:aws:ec2:eu-west-1:135928476890:instance/i-0913743ef095f5995",
            "associate_public_ip_address": true,
            "availability_zone": "eu-west-1b",
            "cpu_core_count": 1,
            "cpu_threads_per_core": 1,
            "credit_specification": [
              {
                "cpu_credits": "standard"
              }
            ],
            "disable_api_termination": false,
            "ebs_block_device": [],
            "ebs_optimized": false,
            "ephemeral_block_device": [],
            "get_password_data": false,
            "host_id": null,
            "iam_instance_profile": "",
            "id": "i-0913743ef095f5995",
            "instance_initiated_shutdown_behavior": null,
            "instance_state": "running",
            "instance_type": "t2.micro",
            "ipv6_address_count": 0,
            "ipv6_addresses": [],
            "key_name": "Eng29-final-project",
            "monitoring": false,
            "network_interface": [],
            "network_interface_id": null,
            "password_data": "",
            "placement_group": "",
            "primary_network_interface_id": "eni-06f6b4f422a97182a",
            "private_dns": "ip-10-17-11-111.eu-west-1.compute.internal",
            "private_ip": "10.17.11.111",
            "public_dns": "",
            "public_ip": "34.244.113.194",
            "root_block_device": [
              {
                "delete_on_termination": true,
                "iops": 100,
                "volume_id": "vol-03c729351fc217fca",
                "volume_size": 8,
                "volume_type": "gp2"
              }
            ],
            "security_groups": [],
            "source_dest_check": true,
            "subnet_id": "subnet-0e3e500fce375c131",
            "tags": {
              "Name": "app-aaron-db"
            },
            "tenancy": "default",
            "timeouts": null,
            "user_data": null,
            "user_data_base64": null,
            "volume_tags": {},
            "vpc_security_group_ids": [
              "sg-0e77255a7c66a1cb0"
            ]
          },
          "depends_on": [
            "aws_security_group.db",
            "aws_subnet.db"
          ]
        },
        {
          "index_key": 2,
          "schema_version": 1,
          "attributes": {
            "ami": "ami-0518342b85dd5f4e6",
            "arn": "arn:aws:ec2:eu-west-1:135928476890:instance/i-0f58d08644785c328",
            "associate_public_ip_address": true,
            "availability_zone": "eu-west-1c",
            "cpu_core_count": 1,
            "cpu_threads_per_core": 1,
            "credit_specification": [
              {
                "cpu_credits": "standard"
              }
            ],
            "disable_api_termination": false,
            "ebs_block_device": [],
            "ebs_optimized": false,
            "ephemeral_block_device": [],
            "get_password_data": false,
            "host_id": null,
            "iam_instance_profile": "",
            "id": "i-0f58d08644785c328",
            "instance_initiated_shutdown_behavior": null,
            "instance_state": "running",
            "instance_type": "t2.micro",
            "ipv6_address_count": 0,
            "ipv6_addresses": [],
            "key_name": "Eng29-final-project",
            "monitoring": false,
            "network_interface": [],
            "network_interface_id": null,
            "password_data": "",
            "placement_group": "",
            "primary_network_interface_id": "eni-0f16da3fb27c7a7f2",
            "private_dns": "ip-10-17-21-4.eu-west-1.compute.internal",
            "private_ip": "10.17.21.4",
            "public_dns": "",
            "public_ip": "34.243.124.224",
            "root_block_device": [
              {
                "delete_on_termination": true,
                "iops": 100,
                "volume_id": "vol-0a5db2d208443773a",
                "volume_size": 8,
                "volume_type": "gp2"
              }
            ],
            "security_groups": [],
            "source_dest_check": true,
            "subnet_id": "subnet-03d7a94e6eca6b1f8",
            "tags": {
              "Name": "app-aaron-db"
            },
            "tenancy": "default",
            "timeouts": null,
            "user_data": null,
            "user_data_base64": null,
            "volume_tags": {},
            "vpc_security_group_ids": [
              "sg-0e77255a7c66a1cb0"
            ]
          },
          "depends_on": [
            "aws_security_group.db",
            "aws_subnet.db"
          ]
        }
      ]
    },
    {
      "mode": "managed",
      "type": "aws_internet_gateway",
      "name": "app",
      "provider": "provider.aws",
      "instances": [
        {
          "schema_version": 0,
          "attributes": {
            "id": "igw-01028a9389bce37b3",
            "owner_id": "135928476890",
            "tags": {
              "Name": "app-aaron"
            },
            "vpc_id": "vpc-0581f5316086c632d"
          },
          "depends_on": [
            "aws_vpc.app"
          ]
        }
      ]
    },
    {
      "mode": "managed",
      "type": "aws_key_pair",
      "name": "key",
      "provider": "provider.aws",
      "instances": [
        {
          "schema_version": 1,
          "attributes": {
            "fingerprint": "a2:a3:96:2f:1e:ed:fa:0f:17:e4:86:d1:89:90:85:6d",
            "id": "Eng29-final-project",
            "key_name": "Eng29-final-project",
            "key_name_prefix": null,
            "public_key": "ssh-rsa AAAAB3NzaC1yc2EAAAADAQABAAABAQDmrGqXggUcawz0zRQywbOXbxft6YhgbZNt45CxrQnlWOMBNxsnGHBaCvstoZpD399PWG3xOQUGIV1z1UWOBQwmWLMQwWz6rbMzJc+Mr8C/DinCakb4DJznGWEib7HrIyaA4gFCUWWm2SKtfwdzVREBM4vOGmVryUZzmpOT5uwa+gGlrhfMeYIfVu4lCNBGhWnh9GlWYcqG4FRQflHuwp9VzZF3Bm+7HFesp2JXL4SgPUqhu5mgEIlpGUfY+LlcqWNW1lROBw4PT4/DSgcP70sTpWnGKNZ9d/f7NbmM6sd9pfyn9DcQr8sxcRrwHJj/Ol3y+dmq6vR48omlqy3o7qs/"
          }
        }
      ]
    },
    {
      "module": "module.app",
      "mode": "managed",
      "type": "aws_launch_configuration",
      "name": "app",
      "provider": "provider.aws",
      "instances": [
        {
          "schema_version": 0,
          "attributes": {
            "associate_public_ip_address": false,
            "ebs_block_device": [],
            "ebs_optimized": false,
            "enable_monitoring": true,
            "ephemeral_block_device": [],
            "iam_instance_profile": "",
            "id": "terraform-20190618133942073700000001",
            "image_id": "ami-0cc993bb92cca80d3",
            "instance_type": "t2.micro",
            "key_name": "Eng29-final-project",
            "name": "terraform-20190618133942073700000001",
            "name_prefix": null,
            "placement_tenancy": null,
            "root_block_device": [],
            "security_groups": [
              "sg-0b20b3214b492a45d"
            ],
            "spot_price": "",
            "user_data": "cf4cb1908167ca265486f3e519714d2c016aa2a6",
            "user_data_base64": null,
            "vpc_classic_link_id": "",
            "vpc_classic_link_security_groups": []
          },
          "depends_on": [
            "aws_security_group.app"
          ]
        }
      ]
    },
    {
      "module": "module.app",
      "mode": "managed",
      "type": "aws_network_acl",
      "name": "app",
      "each": "list",
      "provider": "provider.aws",
      "instances": [
        {
          "index_key": 0,
          "schema_version": 0,
          "attributes": {
            "egress": [
              {
                "action": "allow",
                "cidr_block": "0.0.0.0/0",
                "from_port": 1024,
                "icmp_code": 0,
                "icmp_type": 0,
                "ipv6_cidr_block": "",
                "protocol": "6",
                "rule_no": 120,
                "to_port": 65535
              },
              {
                "action": "allow",
                "cidr_block": "0.0.0.0/0",
                "from_port": 22,
                "icmp_code": 0,
                "icmp_type": 0,
                "ipv6_cidr_block": "",
                "protocol": "6",
                "rule_no": 130,
                "to_port": 22
              },
              {
                "action": "allow",
                "cidr_block": "0.0.0.0/0",
                "from_port": 80,
                "icmp_code": 0,
                "icmp_type": 0,
                "ipv6_cidr_block": "",
                "protocol": "6",
                "rule_no": 100,
                "to_port": 80
              }
            ],
            "id": "acl-0605b14a913124e68",
            "ingress": [
              {
                "action": "allow",
                "cidr_block": "0.0.0.0/0",
                "from_port": 1024,
                "icmp_code": 0,
                "icmp_type": 0,
                "ipv6_cidr_block": "",
                "protocol": "6",
                "rule_no": 120,
                "to_port": 65535
              },
              {
                "action": "allow",
                "cidr_block": "0.0.0.0/0",
                "from_port": 22,
                "icmp_code": 0,
                "icmp_type": 0,
                "ipv6_cidr_block": "",
                "protocol": "6",
                "rule_no": 130,
                "to_port": 22
              },
              {
                "action": "allow",
                "cidr_block": "0.0.0.0/0",
                "from_port": 80,
                "icmp_code": 0,
                "icmp_type": 0,
                "ipv6_cidr_block": "",
                "protocol": "6",
                "rule_no": 100,
                "to_port": 80
              }
            ],
            "owner_id": "135928476890",
            "subnet_id": null,
            "subnet_ids": [
              "subnet-0460fa4193f5138c3"
            ],
            "tags": {
              "Name": "app-aaron-0"
            },
            "vpc_id": "vpc-0581f5316086c632d"
          },
          "depends_on": [
            "aws_subnet.app"
          ]
        },
        {
          "index_key": 1,
          "schema_version": 0,
          "attributes": {
            "egress": [
              {
                "action": "allow",
                "cidr_block": "0.0.0.0/0",
                "from_port": 1024,
                "icmp_code": 0,
                "icmp_type": 0,
                "ipv6_cidr_block": "",
                "protocol": "6",
                "rule_no": 120,
                "to_port": 65535
              },
              {
                "action": "allow",
                "cidr_block": "0.0.0.0/0",
                "from_port": 22,
                "icmp_code": 0,
                "icmp_type": 0,
                "ipv6_cidr_block": "",
                "protocol": "6",
                "rule_no": 130,
                "to_port": 22
              },
              {
                "action": "allow",
                "cidr_block": "0.0.0.0/0",
                "from_port": 80,
                "icmp_code": 0,
                "icmp_type": 0,
                "ipv6_cidr_block": "",
                "protocol": "6",
                "rule_no": 100,
                "to_port": 80
              }
            ],
            "id": "acl-022c1199909479b39",
            "ingress": [
              {
                "action": "allow",
                "cidr_block": "0.0.0.0/0",
                "from_port": 1024,
                "icmp_code": 0,
                "icmp_type": 0,
                "ipv6_cidr_block": "",
                "protocol": "6",
                "rule_no": 120,
                "to_port": 65535
              },
              {
                "action": "allow",
                "cidr_block": "0.0.0.0/0",
                "from_port": 22,
                "icmp_code": 0,
                "icmp_type": 0,
                "ipv6_cidr_block": "",
                "protocol": "6",
                "rule_no": 130,
                "to_port": 22
              },
              {
                "action": "allow",
                "cidr_block": "0.0.0.0/0",
                "from_port": 80,
                "icmp_code": 0,
                "icmp_type": 0,
                "ipv6_cidr_block": "",
                "protocol": "6",
                "rule_no": 100,
                "to_port": 80
              }
            ],
            "owner_id": "135928476890",
            "subnet_id": null,
            "subnet_ids": [
              "subnet-02917057be4321405"
            ],
            "tags": {
              "Name": "app-aaron-1"
            },
            "vpc_id": "vpc-0581f5316086c632d"
          },
          "depends_on": [
            "aws_subnet.app"
          ]
        },
        {
          "index_key": 2,
          "schema_version": 0,
          "attributes": {
            "egress": [
              {
                "action": "allow",
                "cidr_block": "0.0.0.0/0",
                "from_port": 1024,
                "icmp_code": 0,
                "icmp_type": 0,
                "ipv6_cidr_block": "",
                "protocol": "6",
                "rule_no": 120,
                "to_port": 65535
              },
              {
                "action": "allow",
                "cidr_block": "0.0.0.0/0",
                "from_port": 22,
                "icmp_code": 0,
                "icmp_type": 0,
                "ipv6_cidr_block": "",
                "protocol": "6",
                "rule_no": 130,
                "to_port": 22
              },
              {
                "action": "allow",
                "cidr_block": "0.0.0.0/0",
                "from_port": 80,
                "icmp_code": 0,
                "icmp_type": 0,
                "ipv6_cidr_block": "",
                "protocol": "6",
                "rule_no": 100,
                "to_port": 80
              }
            ],
            "id": "acl-0e51cfc0e180a4a2d",
            "ingress": [
              {
                "action": "allow",
                "cidr_block": "0.0.0.0/0",
                "from_port": 1024,
                "icmp_code": 0,
                "icmp_type": 0,
                "ipv6_cidr_block": "",
                "protocol": "6",
                "rule_no": 120,
                "to_port": 65535
              },
              {
                "action": "allow",
                "cidr_block": "0.0.0.0/0",
                "from_port": 22,
                "icmp_code": 0,
                "icmp_type": 0,
                "ipv6_cidr_block": "",
                "protocol": "6",
                "rule_no": 130,
                "to_port": 22
              },
              {
                "action": "allow",
                "cidr_block": "0.0.0.0/0",
                "from_port": 80,
                "icmp_code": 0,
                "icmp_type": 0,
                "ipv6_cidr_block": "",
                "protocol": "6",
                "rule_no": 100,
                "to_port": 80
              }
            ],
            "owner_id": "135928476890",
            "subnet_id": null,
            "subnet_ids": [
              "subnet-03c8bdd2e110c1111"
            ],
            "tags": {
              "Name": "app-aaron-2"
            },
            "vpc_id": "vpc-0581f5316086c632d"
          },
          "depends_on": [
            "aws_subnet.app"
          ]
        }
      ]
    },
    {
      "module": "module.db",
      "mode": "managed",
      "type": "aws_network_acl",
      "name": "db",
      "each": "list",
      "provider": "provider.aws",
      "instances": [
        {
          "index_key": 0,
          "schema_version": 0,
          "attributes": {
            "egress": [
              {
                "action": "allow",
                "cidr_block": "0.0.0.0/0",
                "from_port": 22,
                "icmp_code": 0,
                "icmp_type": 0,
                "ipv6_cidr_block": "",
                "protocol": "6",
                "rule_no": 130,
                "to_port": 22
              },
              {
                "action": "allow",
                "cidr_block": "10.17.0.0/16",
                "from_port": 1024,
                "icmp_code": 0,
                "icmp_type": 0,
                "ipv6_cidr_block": "",
                "protocol": "6",
                "rule_no": 120,
                "to_port": 65535
              }
            ],
            "id": "acl-042f91b9a30fddfe7",
            "ingress": [
              {
                "action": "allow",
                "cidr_block": "0.0.0.0/0",
                "from_port": 22,
                "icmp_code": 0,
                "icmp_type": 0,
                "ipv6_cidr_block": "",
                "protocol": "6",
                "rule_no": 130,
                "to_port": 22
              },
              {
                "action": "allow",
                "cidr_block": "10.17.0.0/16",
                "from_port": 27017,
                "icmp_code": 0,
                "icmp_type": 0,
                "ipv6_cidr_block": "",
                "protocol": "6",
                "rule_no": 100,
                "to_port": 27017
              }
            ],
            "owner_id": "135928476890",
            "subnet_id": null,
            "subnet_ids": [
              "subnet-0fad876932695a9c1"
            ],
            "tags": {
              "Name": "app-aaron-db-0"
            },
            "vpc_id": "vpc-0581f5316086c632d"
          },
          "depends_on": [
            "aws_subnet.db"
          ]
        },
        {
          "index_key": 1,
          "schema_version": 0,
          "attributes": {
            "egress": [
              {
                "action": "allow",
                "cidr_block": "0.0.0.0/0",
                "from_port": 22,
                "icmp_code": 0,
                "icmp_type": 0,
                "ipv6_cidr_block": "",
                "protocol": "6",
                "rule_no": 130,
                "to_port": 22
              },
              {
                "action": "allow",
                "cidr_block": "10.17.0.0/16",
                "from_port": 1024,
                "icmp_code": 0,
                "icmp_type": 0,
                "ipv6_cidr_block": "",
                "protocol": "6",
                "rule_no": 120,
                "to_port": 65535
              }
            ],
            "id": "acl-0fbf3915722465c53",
            "ingress": [
              {
                "action": "allow",
                "cidr_block": "0.0.0.0/0",
                "from_port": 22,
                "icmp_code": 0,
                "icmp_type": 0,
                "ipv6_cidr_block": "",
                "protocol": "6",
                "rule_no": 130,
                "to_port": 22
              },
              {
                "action": "allow",
                "cidr_block": "10.17.0.0/16",
                "from_port": 27017,
                "icmp_code": 0,
                "icmp_type": 0,
                "ipv6_cidr_block": "",
                "protocol": "6",
                "rule_no": 100,
                "to_port": 27017
              }
            ],
            "owner_id": "135928476890",
            "subnet_id": null,
            "subnet_ids": [
              "subnet-0e3e500fce375c131"
            ],
            "tags": {
              "Name": "app-aaron-db-1"
            },
            "vpc_id": "vpc-0581f5316086c632d"
          },
          "depends_on": [
            "aws_subnet.db"
          ]
        },
        {
          "index_key": 2,
          "schema_version": 0,
          "attributes": {
            "egress": [
              {
                "action": "allow",
                "cidr_block": "0.0.0.0/0",
                "from_port": 22,
                "icmp_code": 0,
                "icmp_type": 0,
                "ipv6_cidr_block": "",
                "protocol": "6",
                "rule_no": 130,
                "to_port": 22
              },
              {
                "action": "allow",
                "cidr_block": "10.17.0.0/16",
                "from_port": 1024,
                "icmp_code": 0,
                "icmp_type": 0,
                "ipv6_cidr_block": "",
                "protocol": "6",
                "rule_no": 120,
                "to_port": 65535
              }
            ],
            "id": "acl-0dfb36c1d5dc2bec3",
            "ingress": [
              {
                "action": "allow",
                "cidr_block": "0.0.0.0/0",
                "from_port": 22,
                "icmp_code": 0,
                "icmp_type": 0,
                "ipv6_cidr_block": "",
                "protocol": "6",
                "rule_no": 130,
                "to_port": 22
              },
              {
                "action": "allow",
                "cidr_block": "10.17.0.0/16",
                "from_port": 27017,
                "icmp_code": 0,
                "icmp_type": 0,
                "ipv6_cidr_block": "",
                "protocol": "6",
                "rule_no": 100,
                "to_port": 27017
              }
            ],
            "owner_id": "135928476890",
            "subnet_id": null,
            "subnet_ids": [
              "subnet-03d7a94e6eca6b1f8"
            ],
            "tags": {
              "Name": "app-aaron-db-2"
            },
            "vpc_id": "vpc-0581f5316086c632d"
          },
          "depends_on": [
            "aws_subnet.db"
          ]
        }
      ]
    },
    {
      "module": "module.app",
      "mode": "managed",
      "type": "aws_route_table",
      "name": "app",
      "provider": "provider.aws",
      "instances": [
        {
          "schema_version": 0,
          "attributes": {
            "id": "rtb-04e4ce4347d1b9040",
            "owner_id": "135928476890",
            "propagating_vgws": [],
            "route": [
              {
                "cidr_block": "0.0.0.0/0",
                "egress_only_gateway_id": "",
                "gateway_id": "igw-01028a9389bce37b3",
                "instance_id": "",
                "ipv6_cidr_block": "",
                "nat_gateway_id": "",
                "network_interface_id": "",
                "transit_gateway_id": "",
                "vpc_peering_connection_id": ""
              }
            ],
            "tags": {
              "Name": "app-aaron-public"
            },
            "vpc_id": "vpc-0581f5316086c632d"
          }
        }
      ]
    },
    {
      "module": "module.db",
      "mode": "managed",
      "type": "aws_route_table",
      "name": "db",
      "provider": "provider.aws",
      "instances": [
        {
          "schema_version": 0,
          "attributes": {
            "id": "rtb-0ecef70ee335239a8",
            "owner_id": "135928476890",
            "propagating_vgws": [],
            "route": [
              {
                "cidr_block": "0.0.0.0/0",
                "egress_only_gateway_id": "",
                "gateway_id": "igw-01028a9389bce37b3",
                "instance_id": "",
                "ipv6_cidr_block": "",
                "nat_gateway_id": "",
                "network_interface_id": "",
                "transit_gateway_id": "",
                "vpc_peering_connection_id": ""
              }
            ],
            "tags": {
              "Name": "app-aaron-db-private"
            },
            "vpc_id": "vpc-0581f5316086c632d"
          }
        }
      ]
    },
    {
      "module": "module.app",
      "mode": "managed",
      "type": "aws_route_table_association",
      "name": "app",
      "each": "list",
      "provider": "provider.aws",
      "instances": [
        {
          "index_key": 0,
          "schema_version": 0,
          "attributes": {
            "id": "rtbassoc-07ed3af92fd1601fa",
            "route_table_id": "rtb-04e4ce4347d1b9040",
            "subnet_id": "subnet-0460fa4193f5138c3"
          },
          "depends_on": [
            "aws_route_table.app",
            "aws_subnet.app"
          ]
        },
        {
          "index_key": 1,
          "schema_version": 0,
          "attributes": {
            "id": "rtbassoc-018628a464628a2ee",
            "route_table_id": "rtb-04e4ce4347d1b9040",
            "subnet_id": "subnet-02917057be4321405"
          },
          "depends_on": [
            "aws_route_table.app",
            "aws_subnet.app"
          ]
        },
        {
          "index_key": 2,
          "schema_version": 0,
          "attributes": {
            "id": "rtbassoc-06d73c4da909842aa",
            "route_table_id": "rtb-04e4ce4347d1b9040",
            "subnet_id": "subnet-03c8bdd2e110c1111"
          },
          "depends_on": [
            "aws_route_table.app",
            "aws_subnet.app"
          ]
        }
      ]
    },
    {
      "module": "module.db",
      "mode": "managed",
      "type": "aws_route_table_association",
      "name": "db",
      "each": "list",
      "provider": "provider.aws",
      "instances": [
        {
          "index_key": 0,
          "schema_version": 0,
          "attributes": {
            "id": "rtbassoc-0610e201fc3067852",
            "route_table_id": "rtb-0ecef70ee335239a8",
            "subnet_id": "subnet-0fad876932695a9c1"
          },
          "depends_on": [
            "aws_route_table.db",
            "aws_subnet.db"
          ]
        },
        {
          "index_key": 1,
          "schema_version": 0,
          "attributes": {
            "id": "rtbassoc-08313822fb9f2bf7c",
            "route_table_id": "rtb-0ecef70ee335239a8",
            "subnet_id": "subnet-0e3e500fce375c131"
          },
          "depends_on": [
            "aws_route_table.db",
            "aws_subnet.db"
          ]
        },
        {
          "index_key": 2,
          "schema_version": 0,
          "attributes": {
            "id": "rtbassoc-0cee38e4f587d9ac8",
            "route_table_id": "rtb-0ecef70ee335239a8",
            "subnet_id": "subnet-03d7a94e6eca6b1f8"
          },
          "depends_on": [
            "aws_route_table.db",
            "aws_subnet.db"
          ]
        }
      ]
    },
    {
      "module": "module.app",
      "mode": "managed",
      "type": "aws_security_group",
      "name": "app",
      "provider": "provider.aws",
      "instances": [
        {
          "schema_version": 1,
          "attributes": {
            "arn": "arn:aws:ec2:eu-west-1:135928476890:security-group/sg-0b20b3214b492a45d",
            "description": "app-aaron access",
            "egress": [
              {
                "cidr_blocks": [
                  "0.0.0.0/0"
                ],
                "description": "",
                "from_port": 0,
                "ipv6_cidr_blocks": [],
                "prefix_list_ids": [],
                "protocol": "-1",
                "security_groups": [],
                "self": false,
                "to_port": 0
              },
              {
                "cidr_blocks": [
                  "0.0.0.0/0"
                ],
                "description": "",
                "from_port": 22,
                "ipv6_cidr_blocks": [],
                "prefix_list_ids": [],
                "protocol": "tcp",
                "security_groups": [],
                "self": false,
                "to_port": 22
              }
            ],
            "id": "sg-0b20b3214b492a45d",
            "ingress": [
              {
                "cidr_blocks": [
                  "0.0.0.0/0"
                ],
                "description": "",
                "from_port": 22,
                "ipv6_cidr_blocks": [],
                "prefix_list_ids": [],
                "protocol": "tcp",
                "security_groups": [],
                "self": false,
                "to_port": 22
              },
              {
                "cidr_blocks": [
                  "0.0.0.0/0"
                ],
                "description": "",
                "from_port": 80,
                "ipv6_cidr_blocks": [],
                "prefix_list_ids": [],
                "protocol": "tcp",
                "security_groups": [],
                "self": false,
                "to_port": 80
              }
            ],
            "name": "app-aaron",
            "name_prefix": null,
            "owner_id": "135928476890",
            "revoke_rules_on_delete": false,
            "tags": {
              "Name": "app-aaron"
            },
            "timeouts": null,
            "vpc_id": "vpc-0581f5316086c632d"
          }
        }
      ]
    },
    {
      "module": "module.db",
      "mode": "managed",
      "type": "aws_security_group",
      "name": "db",
      "provider": "provider.aws",
      "instances": [
        {
          "schema_version": 1,
          "attributes": {
            "arn": "arn:aws:ec2:eu-west-1:135928476890:security-group/sg-0e77255a7c66a1cb0",
            "description": "app-aaron db access",
            "egress": [
              {
                "cidr_blocks": [
                  "0.0.0.0/0"
                ],
                "description": "",
                "from_port": 0,
                "ipv6_cidr_blocks": [],
                "prefix_list_ids": [],
                "protocol": "-1",
                "security_groups": [],
                "self": false,
                "to_port": 0
              },
              {
                "cidr_blocks": [
                  "0.0.0.0/0"
                ],
                "description": "",
                "from_port": 22,
                "ipv6_cidr_blocks": [],
                "prefix_list_ids": [],
                "protocol": "tcp",
                "security_groups": [],
                "self": false,
                "to_port": 22
              }
            ],
            "id": "sg-0e77255a7c66a1cb0",
            "ingress": [
              {
                "cidr_blocks": [
                  "0.0.0.0/0"
                ],
                "description": "",
                "from_port": 22,
                "ipv6_cidr_blocks": [],
                "prefix_list_ids": [],
                "protocol": "tcp",
                "security_groups": [],
                "self": false,
                "to_port": 22
              },
              {
                "cidr_blocks": [
                  "0.0.0.0/0"
                ],
                "description": "",
                "from_port": 27017,
                "ipv6_cidr_blocks": [],
                "prefix_list_ids": [],
                "protocol": "tcp",
                "security_groups": [
                  "sg-0b20b3214b492a45d"
                ],
                "self": false,
                "to_port": 27017
              }
            ],
            "name": "app-aaron-db",
            "name_prefix": null,
            "owner_id": "135928476890",
            "revoke_rules_on_delete": false,
            "tags": {
              "Name": "app-aaron-db"
            },
            "timeouts": null,
            "vpc_id": "vpc-0581f5316086c632d"
          }
        }
      ]
    },
    {
      "module": "module.app",
      "mode": "managed",
      "type": "aws_subnet",
      "name": "app",
      "each": "list",
      "provider": "provider.aws",
      "instances": [
        {
          "index_key": 0,
          "schema_version": 1,
          "attributes": {
            "arn": "arn:aws:ec2:eu-west-1:135928476890:subnet/subnet-0460fa4193f5138c3",
            "assign_ipv6_address_on_creation": false,
            "availability_zone": "eu-west-1a",
            "availability_zone_id": "euw1-az3",
            "cidr_block": "10.17.0.0/24",
            "id": "subnet-0460fa4193f5138c3",
            "ipv6_cidr_block": "",
            "ipv6_cidr_block_association_id": "",
            "map_public_ip_on_launch": true,
            "owner_id": "135928476890",
            "tags": {
              "Name": "app-aaron-0"
            },
            "timeouts": null,
            "vpc_id": "vpc-0581f5316086c632d"
          }
        },
        {
          "index_key": 1,
          "schema_version": 1,
          "attributes": {
            "arn": "arn:aws:ec2:eu-west-1:135928476890:subnet/subnet-02917057be4321405",
            "assign_ipv6_address_on_creation": false,
            "availability_zone": "eu-west-1b",
            "availability_zone_id": "euw1-az1",
            "cidr_block": "10.17.10.0/24",
            "id": "subnet-02917057be4321405",
            "ipv6_cidr_block": "",
            "ipv6_cidr_block_association_id": "",
            "map_public_ip_on_launch": true,
            "owner_id": "135928476890",
            "tags": {
              "Name": "app-aaron-1"
            },
            "timeouts": null,
            "vpc_id": "vpc-0581f5316086c632d"
          }
        },
        {
          "index_key": 2,
          "schema_version": 1,
          "attributes": {
            "arn": "arn:aws:ec2:eu-west-1:135928476890:subnet/subnet-03c8bdd2e110c1111",
            "assign_ipv6_address_on_creation": false,
            "availability_zone": "eu-west-1c",
            "availability_zone_id": "euw1-az2",
            "cidr_block": "10.17.20.0/24",
            "id": "subnet-03c8bdd2e110c1111",
            "ipv6_cidr_block": "",
            "ipv6_cidr_block_association_id": "",
            "map_public_ip_on_launch": true,
            "owner_id": "135928476890",
            "tags": {
              "Name": "app-aaron-2"
            },
            "timeouts": null,
            "vpc_id": "vpc-0581f5316086c632d"
          }
        }
      ]
    },
    {
      "module": "module.db",
      "mode": "managed",
      "type": "aws_subnet",
      "name": "db",
      "each": "list",
      "provider": "provider.aws",
      "instances": [
        {
          "index_key": 0,
          "schema_version": 1,
          "attributes": {
            "arn": "arn:aws:ec2:eu-west-1:135928476890:subnet/subnet-0fad876932695a9c1",
            "assign_ipv6_address_on_creation": false,
            "availability_zone": "eu-west-1a",
            "availability_zone_id": "euw1-az3",
            "cidr_block": "10.17.1.0/24",
            "id": "subnet-0fad876932695a9c1",
            "ipv6_cidr_block": "",
            "ipv6_cidr_block_association_id": "",
            "map_public_ip_on_launch": true,
            "owner_id": "135928476890",
            "tags": {
              "Name": "app-aaron-db-0"
            },
            "timeouts": null,
            "vpc_id": "vpc-0581f5316086c632d"
          }
        },
        {
          "index_key": 1,
          "schema_version": 1,
          "attributes": {
            "arn": "arn:aws:ec2:eu-west-1:135928476890:subnet/subnet-0e3e500fce375c131",
            "assign_ipv6_address_on_creation": false,
            "availability_zone": "eu-west-1b",
            "availability_zone_id": "euw1-az1",
            "cidr_block": "10.17.11.0/24",
            "id": "subnet-0e3e500fce375c131",
            "ipv6_cidr_block": "",
            "ipv6_cidr_block_association_id": "",
            "map_public_ip_on_launch": true,
            "owner_id": "135928476890",
            "tags": {
              "Name": "app-aaron-db-1"
            },
            "timeouts": null,
            "vpc_id": "vpc-0581f5316086c632d"
          }
        },
        {
          "index_key": 2,
          "schema_version": 1,
          "attributes": {
            "arn": "arn:aws:ec2:eu-west-1:135928476890:subnet/subnet-03d7a94e6eca6b1f8",
            "assign_ipv6_address_on_creation": false,
            "availability_zone": "eu-west-1c",
            "availability_zone_id": "euw1-az2",
            "cidr_block": "10.17.21.0/24",
            "id": "subnet-03d7a94e6eca6b1f8",
            "ipv6_cidr_block": "",
            "ipv6_cidr_block_association_id": "",
            "map_public_ip_on_launch": true,
            "owner_id": "135928476890",
            "tags": {
              "Name": "app-aaron-db-2"
            },
            "timeouts": null,
            "vpc_id": "vpc-0581f5316086c632d"
          }
        }
      ]
    },
    {
      "mode": "managed",
      "type": "aws_vpc",
      "name": "app",
      "provider": "provider.aws",
      "instances": [
        {
          "schema_version": 1,
          "attributes": {
            "arn": "arn:aws:ec2:eu-west-1:135928476890:vpc/vpc-0581f5316086c632d",
            "assign_generated_ipv6_cidr_block": false,
            "cidr_block": "10.17.0.0/16",
            "default_network_acl_id": "acl-0f3f251940a0927b6",
            "default_route_table_id": "rtb-06cb61554471298a7",
            "default_security_group_id": "sg-05d211dfe8f684c2c",
            "dhcp_options_id": "dopt-18d5d77d",
            "enable_classiclink": false,
            "enable_classiclink_dns_support": false,
            "enable_dns_hostnames": false,
            "enable_dns_support": true,
            "id": "vpc-0581f5316086c632d",
            "instance_tenancy": "default",
            "ipv6_association_id": "",
            "ipv6_cidr_block": "",
            "main_route_table_id": "rtb-06cb61554471298a7",
            "owner_id": "135928476890",
            "tags": {
              "Name": "app-aaron"
            }
          }
        }
      ]
    }
  ]
}
