{
  "version": 4,
  "terraform_version": "0.12.1",
  "serial": 555,
  "lineage": "669d8462-d5ac-809c-796a-0958512d800b",
  "outputs": {},
  "resources": [
    {
      "mode": "data",
      "type": "template_file",
      "name": "app_init",
      "each": "list",
      "provider": "provider.template",
      "instances": []
    },
    {
      "module": "module.app",
      "mode": "managed",
      "type": "aws_instance",
      "name": "app",
      "each": "list",
      "provider": "provider.aws",
      "instances": []
    },
    {
      "module": "module.db",
      "mode": "managed",
      "type": "aws_instance",
      "name": "db",
      "each": "list",
      "provider": "provider.aws",
      "instances": []
    },
    {
      "mode": "managed",
      "type": "aws_internet_gateway",
      "name": "app",
      "provider": "provider.aws",
      "instances": [
        {
          "schema_version": 0,
          "attributes": {
            "id": "igw-044da678f92f772b2",
            "owner_id": "135928476890",
            "tags": {
              "Name": "app-aaron"
            },
            "vpc_id": "vpc-000263b55b5b020c5"
          },
          "depends_on": [
            "aws_vpc.app"
          ]
        }
      ]
    },
    {
      "mode": "managed",
      "type": "aws_key_pair",
      "name": "default",
      "provider": "provider.aws",
      "instances": [
        {
          "schema_version": 1,
          "attributes": {
            "fingerprint": "15:c1:e7:8c:73:28:b6:27:87:82:2f:41:f7:f5:63:29",
            "id": "Eng29-final-project",
            "key_name": "Eng29-final-project",
            "key_name_prefix": null,
            "public_key": "ssh-rsa AAAAB3NzaC1yc2EAAAADAQABAAACAQChHT1dDpT8alv9FCzl1xHChoazrgUXfstikHp7jtIBIHRdpttA5LYEuNdea/bt/jyKIAVk67dP+agyHC7Lc4kUkpT/QR2n44/2GcQzsmsbb4k24OdgbJFh9JNm5EXeodav7xEPKPcnS8DKXbcPLEncsp+XH9ALmIIZulEOrGuq06OebLvNUOtptPVqRk6qolAoaqqAHRehp1p2MD+zPGef1dqJkb/NPkMm0miWT58aePGnCX3tbkR+Eg5xQFOYEjl5y+jbsjMhqr8Ij67dn/wX+p6tHFGer53851NT6tVYZAVzVjzo1e0PsaYqDfC2rcUPDKaL/ypfURoVW+atQtG8ZcKlKx0k3jLkjhybFOfBpk5UlpFZA3nGl8Oq91nOOUmT21S3FyVYvCSY6tyB1jYdk5yYTCw+BaA/etJEGXgtzak3vYRZ0dmS1mauSPtxl+5v49xQ5NaaNTyEd8c/ANbUywlxQn3l2/rTHsLfIX9P6pMD/rSbMeEsP7rsE95vyE4VpSYrF40BhmvIuk/KUGjpM7SkorTwYA1PZV/A2LhrafUyLqQYtyLMzf4ayycRG+LoIeG12P0Q2JMuhc9prRMHuLFczZfX5jj31Jayge0mxsXAqC1ms4LhMQMoSdCwnqqAx8RaH1TdS50HWFgCaDGgJRVsJerCIjPJpsfos3oXww== aleslie@spartablobal.com"
          }
        }
      ]
    },
    {
      "module": "module.app",
      "mode": "managed",
      "type": "aws_network_acl",
      "name": "app",
      "each": "list",
      "provider": "provider.aws",
      "instances": []
    },
    {
      "module": "module.db",
      "mode": "managed",
      "type": "aws_network_acl",
      "name": "db",
      "each": "list",
      "provider": "provider.aws",
      "instances": []
    },
    {
      "module": "module.app",
      "mode": "managed",
      "type": "aws_route_table",
      "name": "app",
      "provider": "provider.aws",
      "instances": [
        {
          "schema_version": 0,
          "attributes": {
            "id": "rtb-0824482cf12dc14c9",
            "owner_id": "135928476890",
            "propagating_vgws": [],
            "route": [
              {
                "cidr_block": "0.0.0.0/0",
                "egress_only_gateway_id": "",
                "gateway_id": "igw-044da678f92f772b2",
                "instance_id": "",
                "ipv6_cidr_block": "",
                "nat_gateway_id": "",
                "network_interface_id": "",
                "transit_gateway_id": "",
                "vpc_peering_connection_id": ""
              }
            ],
            "tags": {
              "Name": "app-aaron-public"
            },
            "vpc_id": "vpc-000263b55b5b020c5"
          }
        }
      ]
    },
    {
      "module": "module.db",
      "mode": "managed",
      "type": "aws_route_table",
      "name": "db",
      "provider": "provider.aws",
      "instances": [
        {
          "schema_version": 0,
          "attributes": {
            "id": "rtb-0951bf754e12f83d2",
            "owner_id": "135928476890",
            "propagating_vgws": [],
            "route": [],
            "tags": {
              "Name": "app-aaron-db-private"
            },
            "vpc_id": "vpc-000263b55b5b020c5"
          }
        }
      ]
    },
    {
      "module": "module.app",
      "mode": "managed",
      "type": "aws_route_table_association",
      "name": "app",
      "each": "list",
      "provider": "provider.aws",
      "instances": []
    },
    {
      "module": "module.db",
      "mode": "managed",
      "type": "aws_route_table_association",
      "name": "db",
      "each": "list",
      "provider": "provider.aws",
      "instances": []
    },
    {
      "module": "module.app",
      "mode": "managed",
      "type": "aws_security_group",
      "name": "app",
      "provider": "provider.aws",
      "instances": [
        {
          "schema_version": 1,
          "attributes": {
            "arn": "arn:aws:ec2:eu-west-1:135928476890:security-group/sg-0c1b06dfca93b76f7",
            "description": "app-aaron access",
            "egress": [
              {
                "cidr_blocks": [
                  "0.0.0.0/0"
                ],
                "description": "",
                "from_port": 0,
                "ipv6_cidr_blocks": [],
                "prefix_list_ids": [],
                "protocol": "-1",
                "security_groups": [],
                "self": false,
                "to_port": 0
              },
              {
                "cidr_blocks": [
                  "0.0.0.0/0"
                ],
                "description": "",
                "from_port": 22,
                "ipv6_cidr_blocks": [],
                "prefix_list_ids": [],
                "protocol": "tcp",
                "security_groups": [],
                "self": false,
                "to_port": 22
              }
            ],
            "id": "sg-0c1b06dfca93b76f7",
            "ingress": [
              {
                "cidr_blocks": [
                  "0.0.0.0/0"
                ],
                "description": "",
                "from_port": 22,
                "ipv6_cidr_blocks": [],
                "prefix_list_ids": [],
                "protocol": "tcp",
                "security_groups": [],
                "self": false,
                "to_port": 22
              },
              {
                "cidr_blocks": [
                  "0.0.0.0/0"
                ],
                "description": "",
                "from_port": 80,
                "ipv6_cidr_blocks": [],
                "prefix_list_ids": [],
                "protocol": "tcp",
                "security_groups": [],
                "self": false,
                "to_port": 80
              }
            ],
            "name": "app-aaron",
            "name_prefix": null,
            "owner_id": "135928476890",
            "revoke_rules_on_delete": false,
            "tags": {
              "Name": "app-aaron"
            },
            "timeouts": null,
            "vpc_id": "vpc-000263b55b5b020c5"
          }
        }
      ]
    },
    {
      "module": "module.db",
      "mode": "managed",
      "type": "aws_security_group",
      "name": "db",
      "provider": "provider.aws",
      "instances": [
        {
          "schema_version": 1,
          "attributes": {
            "arn": "arn:aws:ec2:eu-west-1:135928476890:security-group/sg-08681d56ceb14efc7",
            "description": "app-aaron db access",
            "egress": [
              {
                "cidr_blocks": [
                  "0.0.0.0/0"
                ],
                "description": "",
                "from_port": 0,
                "ipv6_cidr_blocks": [],
                "prefix_list_ids": [],
                "protocol": "-1",
                "security_groups": [],
                "self": false,
                "to_port": 0
              }
            ],
            "id": "sg-08681d56ceb14efc7",
            "ingress": [
              {
                "cidr_blocks": [],
                "description": "",
                "from_port": 27017,
                "ipv6_cidr_blocks": [],
                "prefix_list_ids": [],
                "protocol": "tcp",
                "security_groups": [
                  "sg-0c1b06dfca93b76f7"
                ],
                "self": false,
                "to_port": 27017
              }
            ],
            "name": "app-aaron-db",
            "name_prefix": null,
            "owner_id": "135928476890",
            "revoke_rules_on_delete": false,
            "tags": {
              "Name": "app-aaron-db"
            },
            "timeouts": null,
            "vpc_id": "vpc-000263b55b5b020c5"
          }
        }
      ]
    },
    {
      "module": "module.app",
      "mode": "managed",
      "type": "aws_subnet",
      "name": "app",
      "each": "list",
      "provider": "provider.aws",
      "instances": [
        {
          "index_key": 0,
          "schema_version": 1,
          "attributes": {
            "arn": "arn:aws:ec2:eu-west-1:135928476890:subnet/subnet-087308e4cd704d002",
            "assign_ipv6_address_on_creation": false,
            "availability_zone": "eu-west-1a",
            "availability_zone_id": "euw1-az3",
            "cidr_block": "10.17.0.0/24",
            "id": "subnet-087308e4cd704d002",
            "ipv6_cidr_block": "",
            "ipv6_cidr_block_association_id": "",
            "map_public_ip_on_launch": true,
            "owner_id": "135928476890",
            "tags": {
              "Name": "app-aaron-0"
            },
            "timeouts": null,
            "vpc_id": "vpc-000263b55b5b020c5"
          }
        }
      ]
    },
    {
      "module": "module.db",
      "mode": "managed",
      "type": "aws_subnet",
      "name": "db",
      "each": "list",
      "provider": "provider.aws",
      "instances": [
        {
          "index_key": 0,
          "schema_version": 1,
          "attributes": {
            "arn": "arn:aws:ec2:eu-west-1:135928476890:subnet/subnet-01830d7e68cc106b4",
            "assign_ipv6_address_on_creation": false,
            "availability_zone": "eu-west-1a",
            "availability_zone_id": "euw1-az3",
            "cidr_block": "10.17.1.0/24",
            "id": "subnet-01830d7e68cc106b4",
            "ipv6_cidr_block": "",
            "ipv6_cidr_block_association_id": "",
            "map_public_ip_on_launch": false,
            "owner_id": "135928476890",
            "tags": {
              "Name": "app-aaron-db-0"
            },
            "timeouts": null,
            "vpc_id": "vpc-000263b55b5b020c5"
          }
        }
      ]
    },
    {
      "mode": "managed",
      "type": "aws_vpc",
      "name": "app",
      "provider": "provider.aws",
      "instances": [
        {
          "schema_version": 1,
          "attributes": {
            "arn": "arn:aws:ec2:eu-west-1:135928476890:vpc/vpc-000263b55b5b020c5",
            "assign_generated_ipv6_cidr_block": false,
            "cidr_block": "10.17.0.0/16",
            "default_network_acl_id": "acl-069e4d7c4c1b07721",
            "default_route_table_id": "rtb-0a1243b60d1582eed",
            "default_security_group_id": "sg-0a31181693f387509",
            "dhcp_options_id": "dopt-18d5d77d",
            "enable_classiclink": false,
            "enable_classiclink_dns_support": false,
            "enable_dns_hostnames": false,
            "enable_dns_support": true,
            "id": "vpc-000263b55b5b020c5",
            "instance_tenancy": "default",
            "ipv6_association_id": "",
            "ipv6_cidr_block": "",
            "main_route_table_id": "rtb-0a1243b60d1582eed",
            "owner_id": "135928476890",
            "tags": {
              "Name": "app-aaron"
            }
          }
        }
      ]
    }
  ]
}
