{
  "version": 4,
  "terraform_version": "0.12.1",
  "serial": 1655,
  "lineage": "669d8462-d5ac-809c-796a-0958512d800b",
  "outputs": {},
  "resources": [
    {
      "module": "module.db",
      "mode": "data",
      "type": "aws_instances",
      "name": "db",
      "provider": "provider.aws",
      "instances": [
        {
          "schema_version": 0,
          "attributes": {
            "filter": null,
            "id": "terraform-20190617145949591200000001",
            "ids": [
              "i-0da8205af72cdd7b9",
              "i-043004e1774d9c418",
              "i-0a83105ef34184994",
              "i-0233328a219bdb761",
              "i-0cf5529297c28290a",
              "i-03d2ca461d8ebd520"
            ],
            "instance_state_names": null,
            "instance_tags": {
              "Name": "app-aaron"
            },
            "private_ips": [
              "10.17.11.233",
              "10.17.21.181",
              "10.17.1.58",
              "10.17.0.180",
              "10.17.10.127",
              "10.17.20.171"
            ],
            "public_ips": [
              "54.171.196.153",
              "34.241.160.235",
              "34.244.105.162",
              "63.33.217.230",
              "34.254.158.42",
              "52.18.99.54"
            ]
          }
        }
      ]
    },
    {
      "mode": "data",
      "type": "template_file",
      "name": "app_init",
      "provider": "provider.template",
      "instances": [
        {
          "schema_version": 0,
          "attributes": {
            "filename": null,
            "id": "dd8f72c245d88f305d769128bcca633402459bf7a7f333334f15a57c85561d46",
            "rendered": "#!/bin/bash\n\ncd /home/ubuntu/app\nexport DB_HOST=mongodb://10.17.11.233:27017/posts\npm2 start app.js\n",
            "template": "#!/bin/bash\n\ncd /home/ubuntu/app\nexport DB_HOST=${db_host}\npm2 start app.js\n",
            "vars": {
              "db_host": "mongodb://10.17.11.233:27017/posts"
            }
          },
          "depends_on": [
            "module.db"
          ]
        }
      ]
    },
    {
      "module": "module.app",
      "mode": "managed",
      "type": "aws_autoscaling_group",
      "name": "app",
      "provider": "provider.aws",
      "instances": [
        {
          "schema_version": 0,
          "attributes": {
            "arn": "arn:aws:autoscaling:eu-west-1:135928476890:autoScalingGroup:a4ae5d91-13a9-4259-812f-848ef4a8d294:autoScalingGroupName/tf-asg-20190617140509327500000001",
            "availability_zones": [
              "eu-west-1a",
              "eu-west-1b",
              "eu-west-1c"
            ],
            "default_cooldown": 300,
            "desired_capacity": 3,
            "enabled_metrics": [],
            "force_delete": false,
            "health_check_grace_period": 300,
            "health_check_type": "EC2",
            "id": "tf-asg-20190617140509327500000001",
            "initial_lifecycle_hook": [],
            "launch_configuration": "terraform-20190617145955137600000001",
            "launch_template": [],
            "load_balancers": [],
            "max_size": 3,
            "metrics_granularity": "1Minute",
            "min_elb_capacity": null,
            "min_size": 3,
            "mixed_instances_policy": [],
            "name": "tf-asg-20190617140509327500000001",
            "name_prefix": null,
            "placement_group": "",
            "protect_from_scale_in": false,
            "service_linked_role_arn": "arn:aws:iam::135928476890:role/aws-service-role/autoscaling.amazonaws.com/AWSServiceRoleForAutoScaling",
            "suspended_processes": [],
            "tag": [
              {
                "key": "Name",
                "propagate_at_launch": true,
                "value": "app-aaron"
              }
            ],
            "tags": null,
            "target_group_arns": [],
            "termination_policies": [],
            "timeouts": null,
            "vpc_zone_identifier": [
              "subnet-00dce6cb15541848b",
              "subnet-04bbd390a8b799148",
              "subnet-0a2b2de83b1bc8f66"
            ],
            "wait_for_capacity_timeout": "10m",
            "wait_for_elb_capacity": null
          },
          "depends_on": [
            "aws_launch_configuration.app",
            "aws_subnet.app"
          ]
        }
      ]
    },
    {
      "module": "module.db",
      "mode": "managed",
      "type": "aws_autoscaling_group",
      "name": "db",
      "provider": "provider.aws",
      "instances": [
        {
          "schema_version": 0,
          "attributes": {
            "arn": "arn:aws:autoscaling:eu-west-1:135928476890:autoScalingGroup:db5c31e3-44ee-4383-a33a-888001c786ba:autoScalingGroupName/tf-asg-20190617143735066500000003",
            "availability_zones": [
              "eu-west-1a",
              "eu-west-1b",
              "eu-west-1c"
            ],
            "default_cooldown": 300,
            "desired_capacity": 3,
            "enabled_metrics": [],
            "force_delete": false,
            "health_check_grace_period": 300,
            "health_check_type": "EC2",
            "id": "tf-asg-20190617143735066500000003",
            "initial_lifecycle_hook": [],
            "launch_configuration": "terraform-20190617143734331900000001",
            "launch_template": [],
            "load_balancers": [],
            "max_size": 3,
            "metrics_granularity": "1Minute",
            "min_elb_capacity": null,
            "min_size": 3,
            "mixed_instances_policy": [],
            "name": "tf-asg-20190617143735066500000003",
            "name_prefix": null,
            "placement_group": "",
            "protect_from_scale_in": false,
            "service_linked_role_arn": "arn:aws:iam::135928476890:role/aws-service-role/autoscaling.amazonaws.com/AWSServiceRoleForAutoScaling",
            "suspended_processes": [],
            "tag": [
              {
                "key": "Name",
                "propagate_at_launch": true,
                "value": "app-aaron"
              }
            ],
            "tags": null,
            "target_group_arns": [],
            "termination_policies": [],
            "timeouts": null,
            "vpc_zone_identifier": [
              "subnet-0655bcc6fe36e9681",
              "subnet-0ae40fa3c66cd0b74",
              "subnet-0b81d779954d398ac"
            ],
            "wait_for_capacity_timeout": "10m",
            "wait_for_elb_capacity": null
          },
          "depends_on": [
            "aws_launch_configuration.db",
            "aws_subnet.db"
          ]
        }
      ]
    },
    {
      "mode": "managed",
      "type": "aws_internet_gateway",
      "name": "app",
      "provider": "provider.aws",
      "instances": [
        {
          "schema_version": 0,
          "attributes": {
            "id": "igw-02a45c10a6572f746",
            "owner_id": "135928476890",
            "tags": {
              "Name": "app-aaron"
            },
            "vpc_id": "vpc-04b5a66c8bced4374"
          },
          "depends_on": [
            "aws_vpc.app"
          ]
        }
      ]
    },
    {
      "mode": "managed",
      "type": "aws_key_pair",
      "name": "default",
      "provider": "provider.aws",
      "instances": [
        {
          "schema_version": 1,
          "attributes": {
            "fingerprint": "15:c1:e7:8c:73:28:b6:27:87:82:2f:41:f7:f5:63:29",
            "id": "Eng29-final-project",
            "key_name": "Eng29-final-project",
            "key_name_prefix": null,
            "public_key": "ssh-rsa AAAAB3NzaC1yc2EAAAADAQABAAACAQChHT1dDpT8alv9FCzl1xHChoazrgUXfstikHp7jtIBIHRdpttA5LYEuNdea/bt/jyKIAVk67dP+agyHC7Lc4kUkpT/QR2n44/2GcQzsmsbb4k24OdgbJFh9JNm5EXeodav7xEPKPcnS8DKXbcPLEncsp+XH9ALmIIZulEOrGuq06OebLvNUOtptPVqRk6qolAoaqqAHRehp1p2MD+zPGef1dqJkb/NPkMm0miWT58aePGnCX3tbkR+Eg5xQFOYEjl5y+jbsjMhqr8Ij67dn/wX+p6tHFGer53851NT6tVYZAVzVjzo1e0PsaYqDfC2rcUPDKaL/ypfURoVW+atQtG8ZcKlKx0k3jLkjhybFOfBpk5UlpFZA3nGl8Oq91nOOUmT21S3FyVYvCSY6tyB1jYdk5yYTCw+BaA/etJEGXgtzak3vYRZ0dmS1mauSPtxl+5v49xQ5NaaNTyEd8c/ANbUywlxQn3l2/rTHsLfIX9P6pMD/rSbMeEsP7rsE95vyE4VpSYrF40BhmvIuk/KUGjpM7SkorTwYA1PZV/A2LhrafUyLqQYtyLMzf4ayycRG+LoIeG12P0Q2JMuhc9prRMHuLFczZfX5jj31Jayge0mxsXAqC1ms4LhMQMoSdCwnqqAx8RaH1TdS50HWFgCaDGgJRVsJerCIjPJpsfos3oXww== aleslie@spartablobal.com"
          }
        }
      ]
    },
    {
      "module": "module.app",
      "mode": "managed",
      "type": "aws_launch_configuration",
      "name": "app",
      "provider": "provider.aws",
      "instances": [
        {
          "schema_version": 0,
          "attributes": {
            "associate_public_ip_address": false,
            "ebs_block_device": [],
            "ebs_optimized": false,
            "enable_monitoring": true,
            "ephemeral_block_device": [],
            "iam_instance_profile": "",
            "id": "terraform-20190617145955137600000001",
            "image_id": "ami-0cc993bb92cca80d3",
            "instance_type": "t2.micro",
            "key_name": "Eng29-final-project",
            "name": "terraform-20190617145955137600000001",
            "name_prefix": null,
            "placement_tenancy": null,
            "root_block_device": [],
            "security_groups": [
              "sg-012c75888706368b1"
            ],
            "spot_price": "",
            "user_data": "bc4fd14f67a6b5fe9123665aa45dbd9fb43392d6",
            "user_data_base64": null,
            "vpc_classic_link_id": "",
            "vpc_classic_link_security_groups": null
          },
          "depends_on": [
            "aws_security_group.app"
          ]
        }
      ]
    },
    {
      "module": "module.db",
      "mode": "managed",
      "type": "aws_launch_configuration",
      "name": "db",
      "provider": "provider.aws",
      "instances": [
        {
          "schema_version": 0,
          "attributes": {
            "associate_public_ip_address": false,
            "ebs_block_device": [],
            "ebs_optimized": false,
            "enable_monitoring": true,
            "ephemeral_block_device": [],
            "iam_instance_profile": "",
            "id": "terraform-20190617143734331900000001",
            "image_id": "ami-0f8fd53560ca320f6",
            "instance_type": "t2.micro",
            "key_name": "Eng29-final-project",
            "name": "terraform-20190617143734331900000001",
            "name_prefix": null,
            "placement_tenancy": null,
            "root_block_device": [],
            "security_groups": [
              "sg-050605f634e43f3a4"
            ],
            "spot_price": "",
            "user_data": null,
            "user_data_base64": null,
            "vpc_classic_link_id": "",
            "vpc_classic_link_security_groups": []
          },
          "depends_on": [
            "aws_security_group.db"
          ]
        }
      ]
    },
    {
      "module": "module.app",
      "mode": "managed",
      "type": "aws_network_acl",
      "name": "app",
      "each": "list",
      "provider": "provider.aws",
      "instances": [
        {
          "index_key": 0,
          "schema_version": 0,
          "attributes": {
            "egress": [
              {
                "action": "allow",
                "cidr_block": "0.0.0.0/0",
                "from_port": 1024,
                "icmp_code": 0,
                "icmp_type": 0,
                "ipv6_cidr_block": "",
                "protocol": "6",
                "rule_no": 120,
                "to_port": 65535
              },
              {
                "action": "allow",
                "cidr_block": "0.0.0.0/0",
                "from_port": 22,
                "icmp_code": 0,
                "icmp_type": 0,
                "ipv6_cidr_block": "",
                "protocol": "6",
                "rule_no": 130,
                "to_port": 22
              },
              {
                "action": "allow",
                "cidr_block": "0.0.0.0/0",
                "from_port": 80,
                "icmp_code": 0,
                "icmp_type": 0,
                "ipv6_cidr_block": "",
                "protocol": "6",
                "rule_no": 100,
                "to_port": 80
              }
            ],
            "id": "acl-0206efec6573e53e1",
            "ingress": [
              {
                "action": "allow",
                "cidr_block": "0.0.0.0/0",
                "from_port": 1024,
                "icmp_code": 0,
                "icmp_type": 0,
                "ipv6_cidr_block": "",
                "protocol": "6",
                "rule_no": 120,
                "to_port": 65535
              },
              {
                "action": "allow",
                "cidr_block": "0.0.0.0/0",
                "from_port": 22,
                "icmp_code": 0,
                "icmp_type": 0,
                "ipv6_cidr_block": "",
                "protocol": "6",
                "rule_no": 130,
                "to_port": 22
              },
              {
                "action": "allow",
                "cidr_block": "0.0.0.0/0",
                "from_port": 80,
                "icmp_code": 0,
                "icmp_type": 0,
                "ipv6_cidr_block": "",
                "protocol": "6",
                "rule_no": 100,
                "to_port": 80
              }
            ],
            "owner_id": "135928476890",
            "subnet_id": null,
            "subnet_ids": [
              "subnet-04bbd390a8b799148"
            ],
            "tags": {
              "Name": "app-aaron-0"
            },
            "vpc_id": "vpc-04b5a66c8bced4374"
          },
          "depends_on": [
            "aws_subnet.app"
          ]
        },
        {
          "index_key": 1,
          "schema_version": 0,
          "attributes": {
            "egress": [
              {
                "action": "allow",
                "cidr_block": "0.0.0.0/0",
                "from_port": 1024,
                "icmp_code": 0,
                "icmp_type": 0,
                "ipv6_cidr_block": "",
                "protocol": "6",
                "rule_no": 120,
                "to_port": 65535
              },
              {
                "action": "allow",
                "cidr_block": "0.0.0.0/0",
                "from_port": 22,
                "icmp_code": 0,
                "icmp_type": 0,
                "ipv6_cidr_block": "",
                "protocol": "6",
                "rule_no": 130,
                "to_port": 22
              },
              {
                "action": "allow",
                "cidr_block": "0.0.0.0/0",
                "from_port": 80,
                "icmp_code": 0,
                "icmp_type": 0,
                "ipv6_cidr_block": "",
                "protocol": "6",
                "rule_no": 100,
                "to_port": 80
              }
            ],
            "id": "acl-00fcd3ad73a1dd7ff",
            "ingress": [
              {
                "action": "allow",
                "cidr_block": "0.0.0.0/0",
                "from_port": 1024,
                "icmp_code": 0,
                "icmp_type": 0,
                "ipv6_cidr_block": "",
                "protocol": "6",
                "rule_no": 120,
                "to_port": 65535
              },
              {
                "action": "allow",
                "cidr_block": "0.0.0.0/0",
                "from_port": 22,
                "icmp_code": 0,
                "icmp_type": 0,
                "ipv6_cidr_block": "",
                "protocol": "6",
                "rule_no": 130,
                "to_port": 22
              },
              {
                "action": "allow",
                "cidr_block": "0.0.0.0/0",
                "from_port": 80,
                "icmp_code": 0,
                "icmp_type": 0,
                "ipv6_cidr_block": "",
                "protocol": "6",
                "rule_no": 100,
                "to_port": 80
              }
            ],
            "owner_id": "135928476890",
            "subnet_id": null,
            "subnet_ids": [
              "subnet-0a2b2de83b1bc8f66"
            ],
            "tags": {
              "Name": "app-aaron-1"
            },
            "vpc_id": "vpc-04b5a66c8bced4374"
          },
          "depends_on": [
            "aws_subnet.app"
          ]
        },
        {
          "index_key": 2,
          "schema_version": 0,
          "attributes": {
            "egress": [
              {
                "action": "allow",
                "cidr_block": "0.0.0.0/0",
                "from_port": 1024,
                "icmp_code": 0,
                "icmp_type": 0,
                "ipv6_cidr_block": "",
                "protocol": "6",
                "rule_no": 120,
                "to_port": 65535
              },
              {
                "action": "allow",
                "cidr_block": "0.0.0.0/0",
                "from_port": 22,
                "icmp_code": 0,
                "icmp_type": 0,
                "ipv6_cidr_block": "",
                "protocol": "6",
                "rule_no": 130,
                "to_port": 22
              },
              {
                "action": "allow",
                "cidr_block": "0.0.0.0/0",
                "from_port": 80,
                "icmp_code": 0,
                "icmp_type": 0,
                "ipv6_cidr_block": "",
                "protocol": "6",
                "rule_no": 100,
                "to_port": 80
              }
            ],
            "id": "acl-0ff965a0568693acb",
            "ingress": [
              {
                "action": "allow",
                "cidr_block": "0.0.0.0/0",
                "from_port": 1024,
                "icmp_code": 0,
                "icmp_type": 0,
                "ipv6_cidr_block": "",
                "protocol": "6",
                "rule_no": 120,
                "to_port": 65535
              },
              {
                "action": "allow",
                "cidr_block": "0.0.0.0/0",
                "from_port": 22,
                "icmp_code": 0,
                "icmp_type": 0,
                "ipv6_cidr_block": "",
                "protocol": "6",
                "rule_no": 130,
                "to_port": 22
              },
              {
                "action": "allow",
                "cidr_block": "0.0.0.0/0",
                "from_port": 80,
                "icmp_code": 0,
                "icmp_type": 0,
                "ipv6_cidr_block": "",
                "protocol": "6",
                "rule_no": 100,
                "to_port": 80
              }
            ],
            "owner_id": "135928476890",
            "subnet_id": null,
            "subnet_ids": [
              "subnet-00dce6cb15541848b"
            ],
            "tags": {
              "Name": "app-aaron-2"
            },
            "vpc_id": "vpc-04b5a66c8bced4374"
          },
          "depends_on": [
            "aws_subnet.app"
          ]
        }
      ]
    },
    {
      "module": "module.db",
      "mode": "managed",
      "type": "aws_network_acl",
      "name": "db",
      "each": "list",
      "provider": "provider.aws",
      "instances": [
        {
          "index_key": 0,
          "schema_version": 0,
          "attributes": {
            "egress": [
              {
                "action": "allow",
                "cidr_block": "0.0.0.0/0",
                "from_port": 22,
                "icmp_code": 0,
                "icmp_type": 0,
                "ipv6_cidr_block": "",
                "protocol": "6",
                "rule_no": 130,
                "to_port": 22
              },
              {
                "action": "allow",
                "cidr_block": "10.17.0.0/16",
                "from_port": 1024,
                "icmp_code": 0,
                "icmp_type": 0,
                "ipv6_cidr_block": "",
                "protocol": "6",
                "rule_no": 120,
                "to_port": 65535
              }
            ],
            "id": "acl-094b67f7142fcec28",
            "ingress": [
              {
                "action": "allow",
                "cidr_block": "0.0.0.0/0",
                "from_port": 22,
                "icmp_code": 0,
                "icmp_type": 0,
                "ipv6_cidr_block": "",
                "protocol": "6",
                "rule_no": 130,
                "to_port": 22
              },
              {
                "action": "allow",
                "cidr_block": "10.17.0.0/16",
                "from_port": 27017,
                "icmp_code": 0,
                "icmp_type": 0,
                "ipv6_cidr_block": "",
                "protocol": "6",
                "rule_no": 100,
                "to_port": 27017
              }
            ],
            "owner_id": "135928476890",
            "subnet_id": null,
            "subnet_ids": [
              "subnet-0655bcc6fe36e9681"
            ],
            "tags": {
              "Name": "app-aaron-db-0"
            },
            "vpc_id": "vpc-04b5a66c8bced4374"
          },
          "depends_on": [
            "aws_subnet.db"
          ]
        },
        {
          "index_key": 1,
          "schema_version": 0,
          "attributes": {
            "egress": [
              {
                "action": "allow",
                "cidr_block": "0.0.0.0/0",
                "from_port": 22,
                "icmp_code": 0,
                "icmp_type": 0,
                "ipv6_cidr_block": "",
                "protocol": "6",
                "rule_no": 130,
                "to_port": 22
              },
              {
                "action": "allow",
                "cidr_block": "10.17.0.0/16",
                "from_port": 1024,
                "icmp_code": 0,
                "icmp_type": 0,
                "ipv6_cidr_block": "",
                "protocol": "6",
                "rule_no": 120,
                "to_port": 65535
              }
            ],
            "id": "acl-0624c6cfc4b59aef9",
            "ingress": [
              {
                "action": "allow",
                "cidr_block": "0.0.0.0/0",
                "from_port": 22,
                "icmp_code": 0,
                "icmp_type": 0,
                "ipv6_cidr_block": "",
                "protocol": "6",
                "rule_no": 130,
                "to_port": 22
              },
              {
                "action": "allow",
                "cidr_block": "10.17.0.0/16",
                "from_port": 27017,
                "icmp_code": 0,
                "icmp_type": 0,
                "ipv6_cidr_block": "",
                "protocol": "6",
                "rule_no": 100,
                "to_port": 27017
              }
            ],
            "owner_id": "135928476890",
            "subnet_id": null,
            "subnet_ids": [
              "subnet-0ae40fa3c66cd0b74"
            ],
            "tags": {
              "Name": "app-aaron-db-1"
            },
            "vpc_id": "vpc-04b5a66c8bced4374"
          },
          "depends_on": [
            "aws_subnet.db"
          ]
        },
        {
          "index_key": 2,
          "schema_version": 0,
          "attributes": {
            "egress": [
              {
                "action": "allow",
                "cidr_block": "0.0.0.0/0",
                "from_port": 22,
                "icmp_code": 0,
                "icmp_type": 0,
                "ipv6_cidr_block": "",
                "protocol": "6",
                "rule_no": 130,
                "to_port": 22
              },
              {
                "action": "allow",
                "cidr_block": "10.17.0.0/16",
                "from_port": 1024,
                "icmp_code": 0,
                "icmp_type": 0,
                "ipv6_cidr_block": "",
                "protocol": "6",
                "rule_no": 120,
                "to_port": 65535
              }
            ],
            "id": "acl-08cf275b69f9df949",
            "ingress": [
              {
                "action": "allow",
                "cidr_block": "0.0.0.0/0",
                "from_port": 22,
                "icmp_code": 0,
                "icmp_type": 0,
                "ipv6_cidr_block": "",
                "protocol": "6",
                "rule_no": 130,
                "to_port": 22
              },
              {
                "action": "allow",
                "cidr_block": "10.17.0.0/16",
                "from_port": 27017,
                "icmp_code": 0,
                "icmp_type": 0,
                "ipv6_cidr_block": "",
                "protocol": "6",
                "rule_no": 100,
                "to_port": 27017
              }
            ],
            "owner_id": "135928476890",
            "subnet_id": null,
            "subnet_ids": [
              "subnet-0b81d779954d398ac"
            ],
            "tags": {
              "Name": "app-aaron-db-2"
            },
            "vpc_id": "vpc-04b5a66c8bced4374"
          },
          "depends_on": [
            "aws_subnet.db"
          ]
        }
      ]
    },
    {
      "module": "module.app",
      "mode": "managed",
      "type": "aws_route_table",
      "name": "app",
      "provider": "provider.aws",
      "instances": [
        {
          "schema_version": 0,
          "attributes": {
            "id": "rtb-02a636fec8c6e056e",
            "owner_id": "135928476890",
            "propagating_vgws": [],
            "route": [
              {
                "cidr_block": "0.0.0.0/0",
                "egress_only_gateway_id": "",
                "gateway_id": "igw-02a45c10a6572f746",
                "instance_id": "",
                "ipv6_cidr_block": "",
                "nat_gateway_id": "",
                "network_interface_id": "",
                "transit_gateway_id": "",
                "vpc_peering_connection_id": ""
              }
            ],
            "tags": {
              "Name": "app-aaron-public"
            },
            "vpc_id": "vpc-04b5a66c8bced4374"
          }
        }
      ]
    },
    {
      "module": "module.db",
      "mode": "managed",
      "type": "aws_route_table",
      "name": "db",
      "provider": "provider.aws",
      "instances": [
        {
          "schema_version": 0,
          "attributes": {
            "id": "rtb-01cc8dd68cfb08b44",
            "owner_id": "135928476890",
            "propagating_vgws": [],
            "route": [
              {
                "cidr_block": "0.0.0.0/0",
                "egress_only_gateway_id": "",
                "gateway_id": "igw-02a45c10a6572f746",
                "instance_id": "",
                "ipv6_cidr_block": "",
                "nat_gateway_id": "",
                "network_interface_id": "",
                "transit_gateway_id": "",
                "vpc_peering_connection_id": ""
              }
            ],
            "tags": {
              "Name": "app-aaron-db-private"
            },
            "vpc_id": "vpc-04b5a66c8bced4374"
          }
        }
      ]
    },
    {
      "module": "module.app",
      "mode": "managed",
      "type": "aws_route_table_association",
      "name": "app",
      "each": "list",
      "provider": "provider.aws",
      "instances": [
        {
          "index_key": 0,
          "schema_version": 0,
          "attributes": {
            "id": "rtbassoc-0c98e6eb06a78f3e0",
            "route_table_id": "rtb-02a636fec8c6e056e",
            "subnet_id": "subnet-04bbd390a8b799148"
          },
          "depends_on": [
            "aws_route_table.app",
            "aws_subnet.app"
          ]
        },
        {
          "index_key": 1,
          "schema_version": 0,
          "attributes": {
            "id": "rtbassoc-05f1b06647da75b10",
            "route_table_id": "rtb-02a636fec8c6e056e",
            "subnet_id": "subnet-0a2b2de83b1bc8f66"
          },
          "depends_on": [
            "aws_route_table.app",
            "aws_subnet.app"
          ]
        },
        {
          "index_key": 2,
          "schema_version": 0,
          "attributes": {
            "id": "rtbassoc-03e83a3535ac59c2b",
            "route_table_id": "rtb-02a636fec8c6e056e",
            "subnet_id": "subnet-00dce6cb15541848b"
          },
          "depends_on": [
            "aws_route_table.app",
            "aws_subnet.app"
          ]
        }
      ]
    },
    {
      "module": "module.db",
      "mode": "managed",
      "type": "aws_route_table_association",
      "name": "db",
      "each": "list",
      "provider": "provider.aws",
      "instances": [
        {
          "index_key": 0,
          "schema_version": 0,
          "attributes": {
            "id": "rtbassoc-0e70c195d91ccb04e",
            "route_table_id": "rtb-01cc8dd68cfb08b44",
            "subnet_id": "subnet-0655bcc6fe36e9681"
          },
          "depends_on": [
            "aws_route_table.db",
            "aws_subnet.db"
          ]
        },
        {
          "index_key": 1,
          "schema_version": 0,
          "attributes": {
            "id": "rtbassoc-04cb8f808f4e8f118",
            "route_table_id": "rtb-01cc8dd68cfb08b44",
            "subnet_id": "subnet-0ae40fa3c66cd0b74"
          },
          "depends_on": [
            "aws_route_table.db",
            "aws_subnet.db"
          ]
        },
        {
          "index_key": 2,
          "schema_version": 0,
          "attributes": {
            "id": "rtbassoc-0011fe6999a673a6d",
            "route_table_id": "rtb-01cc8dd68cfb08b44",
            "subnet_id": "subnet-0b81d779954d398ac"
          },
          "depends_on": [
            "aws_route_table.db",
            "aws_subnet.db"
          ]
        }
      ]
    },
    {
      "module": "module.app",
      "mode": "managed",
      "type": "aws_security_group",
      "name": "app",
      "provider": "provider.aws",
      "instances": [
        {
          "schema_version": 1,
          "attributes": {
            "arn": "arn:aws:ec2:eu-west-1:135928476890:security-group/sg-012c75888706368b1",
            "description": "app-aaron access",
            "egress": [
              {
                "cidr_blocks": [
                  "0.0.0.0/0"
                ],
                "description": "",
                "from_port": 0,
                "ipv6_cidr_blocks": [],
                "prefix_list_ids": [],
                "protocol": "-1",
                "security_groups": [],
                "self": false,
                "to_port": 0
              },
              {
                "cidr_blocks": [
                  "0.0.0.0/0"
                ],
                "description": "",
                "from_port": 22,
                "ipv6_cidr_blocks": [],
                "prefix_list_ids": [],
                "protocol": "tcp",
                "security_groups": [],
                "self": false,
                "to_port": 22
              }
            ],
            "id": "sg-012c75888706368b1",
            "ingress": [
              {
                "cidr_blocks": [
                  "0.0.0.0/0"
                ],
                "description": "",
                "from_port": 22,
                "ipv6_cidr_blocks": [],
                "prefix_list_ids": [],
                "protocol": "tcp",
                "security_groups": [],
                "self": false,
                "to_port": 22
              },
              {
                "cidr_blocks": [
                  "0.0.0.0/0"
                ],
                "description": "",
                "from_port": 80,
                "ipv6_cidr_blocks": [],
                "prefix_list_ids": [],
                "protocol": "tcp",
                "security_groups": [],
                "self": false,
                "to_port": 80
              }
            ],
            "name": "app-aaron",
            "name_prefix": null,
            "owner_id": "135928476890",
            "revoke_rules_on_delete": false,
            "tags": {
              "Name": "app-aaron"
            },
            "timeouts": null,
            "vpc_id": "vpc-04b5a66c8bced4374"
          }
        }
      ]
    },
    {
      "module": "module.db",
      "mode": "managed",
      "type": "aws_security_group",
      "name": "db",
      "provider": "provider.aws",
      "instances": [
        {
          "schema_version": 1,
          "attributes": {
            "arn": "arn:aws:ec2:eu-west-1:135928476890:security-group/sg-050605f634e43f3a4",
            "description": "app-aaron db access",
            "egress": [
              {
                "cidr_blocks": [
                  "0.0.0.0/0"
                ],
                "description": "",
                "from_port": 0,
                "ipv6_cidr_blocks": [],
                "prefix_list_ids": [],
                "protocol": "-1",
                "security_groups": [],
                "self": false,
                "to_port": 0
              },
              {
                "cidr_blocks": [
                  "0.0.0.0/0"
                ],
                "description": "",
                "from_port": 22,
                "ipv6_cidr_blocks": [],
                "prefix_list_ids": [],
                "protocol": "tcp",
                "security_groups": [],
                "self": false,
                "to_port": 22
              }
            ],
            "id": "sg-050605f634e43f3a4",
            "ingress": [
              {
                "cidr_blocks": [
                  "0.0.0.0/0"
                ],
                "description": "",
                "from_port": 22,
                "ipv6_cidr_blocks": [],
                "prefix_list_ids": [],
                "protocol": "tcp",
                "security_groups": [],
                "self": false,
                "to_port": 22
              },
              {
                "cidr_blocks": [
                  "0.0.0.0/0"
                ],
                "description": "",
                "from_port": 27017,
                "ipv6_cidr_blocks": [],
                "prefix_list_ids": [],
                "protocol": "tcp",
                "security_groups": [
                  "sg-012c75888706368b1"
                ],
                "self": false,
                "to_port": 27017
              }
            ],
            "name": "app-aaron-db",
            "name_prefix": null,
            "owner_id": "135928476890",
            "revoke_rules_on_delete": false,
            "tags": {
              "Name": "app-aaron-db"
            },
            "timeouts": null,
            "vpc_id": "vpc-04b5a66c8bced4374"
          }
        }
      ]
    },
    {
      "module": "module.app",
      "mode": "managed",
      "type": "aws_subnet",
      "name": "app",
      "each": "list",
      "provider": "provider.aws",
      "instances": [
        {
          "index_key": 0,
          "schema_version": 1,
          "attributes": {
            "arn": "arn:aws:ec2:eu-west-1:135928476890:subnet/subnet-04bbd390a8b799148",
            "assign_ipv6_address_on_creation": false,
            "availability_zone": "eu-west-1a",
            "availability_zone_id": "euw1-az3",
            "cidr_block": "10.17.0.0/24",
            "id": "subnet-04bbd390a8b799148",
            "ipv6_cidr_block": "",
            "ipv6_cidr_block_association_id": "",
            "map_public_ip_on_launch": true,
            "owner_id": "135928476890",
            "tags": {
              "Name": "app-aaron-0"
            },
            "timeouts": null,
            "vpc_id": "vpc-04b5a66c8bced4374"
          }
        },
        {
          "index_key": 1,
          "schema_version": 1,
          "attributes": {
            "arn": "arn:aws:ec2:eu-west-1:135928476890:subnet/subnet-0a2b2de83b1bc8f66",
            "assign_ipv6_address_on_creation": false,
            "availability_zone": "eu-west-1b",
            "availability_zone_id": "euw1-az1",
            "cidr_block": "10.17.10.0/24",
            "id": "subnet-0a2b2de83b1bc8f66",
            "ipv6_cidr_block": "",
            "ipv6_cidr_block_association_id": "",
            "map_public_ip_on_launch": true,
            "owner_id": "135928476890",
            "tags": {
              "Name": "app-aaron-1"
            },
            "timeouts": null,
            "vpc_id": "vpc-04b5a66c8bced4374"
          }
        },
        {
          "index_key": 2,
          "schema_version": 1,
          "attributes": {
            "arn": "arn:aws:ec2:eu-west-1:135928476890:subnet/subnet-00dce6cb15541848b",
            "assign_ipv6_address_on_creation": false,
            "availability_zone": "eu-west-1c",
            "availability_zone_id": "euw1-az2",
            "cidr_block": "10.17.20.0/24",
            "id": "subnet-00dce6cb15541848b",
            "ipv6_cidr_block": "",
            "ipv6_cidr_block_association_id": "",
            "map_public_ip_on_launch": true,
            "owner_id": "135928476890",
            "tags": {
              "Name": "app-aaron-2"
            },
            "timeouts": null,
            "vpc_id": "vpc-04b5a66c8bced4374"
          }
        }
      ]
    },
    {
      "module": "module.db",
      "mode": "managed",
      "type": "aws_subnet",
      "name": "db",
      "each": "list",
      "provider": "provider.aws",
      "instances": [
        {
          "index_key": 0,
          "schema_version": 1,
          "attributes": {
            "arn": "arn:aws:ec2:eu-west-1:135928476890:subnet/subnet-0655bcc6fe36e9681",
            "assign_ipv6_address_on_creation": false,
            "availability_zone": "eu-west-1a",
            "availability_zone_id": "euw1-az3",
            "cidr_block": "10.17.1.0/24",
            "id": "subnet-0655bcc6fe36e9681",
            "ipv6_cidr_block": "",
            "ipv6_cidr_block_association_id": "",
            "map_public_ip_on_launch": true,
            "owner_id": "135928476890",
            "tags": {
              "Name": "app-aaron-db-0"
            },
            "timeouts": null,
            "vpc_id": "vpc-04b5a66c8bced4374"
          }
        },
        {
          "index_key": 1,
          "schema_version": 1,
          "attributes": {
            "arn": "arn:aws:ec2:eu-west-1:135928476890:subnet/subnet-0ae40fa3c66cd0b74",
            "assign_ipv6_address_on_creation": false,
            "availability_zone": "eu-west-1b",
            "availability_zone_id": "euw1-az1",
            "cidr_block": "10.17.11.0/24",
            "id": "subnet-0ae40fa3c66cd0b74",
            "ipv6_cidr_block": "",
            "ipv6_cidr_block_association_id": "",
            "map_public_ip_on_launch": true,
            "owner_id": "135928476890",
            "tags": {
              "Name": "app-aaron-db-1"
            },
            "timeouts": null,
            "vpc_id": "vpc-04b5a66c8bced4374"
          }
        },
        {
          "index_key": 2,
          "schema_version": 1,
          "attributes": {
            "arn": "arn:aws:ec2:eu-west-1:135928476890:subnet/subnet-0b81d779954d398ac",
            "assign_ipv6_address_on_creation": false,
            "availability_zone": "eu-west-1c",
            "availability_zone_id": "euw1-az2",
            "cidr_block": "10.17.21.0/24",
            "id": "subnet-0b81d779954d398ac",
            "ipv6_cidr_block": "",
            "ipv6_cidr_block_association_id": "",
            "map_public_ip_on_launch": true,
            "owner_id": "135928476890",
            "tags": {
              "Name": "app-aaron-db-2"
            },
            "timeouts": null,
            "vpc_id": "vpc-04b5a66c8bced4374"
          }
        }
      ]
    },
    {
      "mode": "managed",
      "type": "aws_vpc",
      "name": "app",
      "provider": "provider.aws",
      "instances": [
        {
          "schema_version": 1,
          "attributes": {
            "arn": "arn:aws:ec2:eu-west-1:135928476890:vpc/vpc-04b5a66c8bced4374",
            "assign_generated_ipv6_cidr_block": false,
            "cidr_block": "10.17.0.0/16",
            "default_network_acl_id": "acl-0372956523e847b5b",
            "default_route_table_id": "rtb-008b65ff6bf1f23f7",
            "default_security_group_id": "sg-03f8e0a4fca7cc8ef",
            "dhcp_options_id": "dopt-18d5d77d",
            "enable_classiclink": false,
            "enable_classiclink_dns_support": false,
            "enable_dns_hostnames": false,
            "enable_dns_support": true,
            "id": "vpc-04b5a66c8bced4374",
            "instance_tenancy": "default",
            "ipv6_association_id": "",
            "ipv6_cidr_block": "",
            "main_route_table_id": "rtb-008b65ff6bf1f23f7",
            "owner_id": "135928476890",
            "tags": {
              "Name": "app-aaron"
            }
          }
        }
      ]
    }
  ]
}
