{
  "version": 4,
  "terraform_version": "0.12.1",
  "serial": 393,
  "lineage": "d2d591d7-0be0-d8a4-17f6-62ff6f187419",
  "outputs": {},
  "resources": [
    {
      "mode": "data",
      "type": "aws_route53_zone",
      "name": "hosted_zone",
      "provider": "provider.aws",
      "instances": [
        {
          "schema_version": 0,
          "attributes": {
            "caller_reference": "RISWorkflow-RD:eea7f5e7-0739-460d-8c63-efff38278ba7",
            "comment": "HostedZone created by Route53 Registrar",
            "id": "Z3CCIZELFLJ3SC",
            "name": "spartaglobal.education.",
            "name_servers": [
              "ns-958.awsdns-55.net",
              "ns-1839.awsdns-37.co.uk",
              "ns-1107.awsdns-10.org",
              "ns-327.awsdns-40.com"
            ],
            "private_zone": false,
            "resource_record_set_count": 10,
            "tags": null,
            "vpc_id": null,
            "zone_id": "Z3CCIZELFLJ3SC"
          }
        }
      ]
    },
    {
      "mode": "data",
      "type": "http",
      "name": "ip",
      "provider": "provider.http",
      "instances": [
        {
          "schema_version": 0,
          "attributes": {
            "body": "212.161.55.68\n",
            "id": "2019-06-18 08:18:08.247391 +0000 UTC",
            "request_headers": null,
            "url": "https://ipv4.icanhazip.com"
          }
        }
      ]
    },
    {
      "mode": "data",
      "type": "template_file",
      "name": "app_init",
      "each": "list",
      "provider": "provider.template",
      "instances": [
        {
          "index_key": 0,
          "schema_version": 0,
          "attributes": {
            "filename": null,
            "id": "1d9e1559b38b56a587d32a31c2620a7facdc383bd9191d3539f5ad4d976ed5c8",
            "rendered": "#!/bin/bash\n\ncd /home/ubuntu/app\nexport DB_HOST=mongodb://10.98.1.48:27017/posts\npm2 start app.js\n",
            "template": "#!/bin/bash\n\ncd /home/ubuntu/app\nexport DB_HOST=${db_host}\npm2 start app.js\n",
            "vars": {
              "db_host": "mongodb://10.98.1.48:27017/posts"
            }
          },
          "depends_on": [
            "module.db"
          ]
        },
        {
          "index_key": 1,
          "schema_version": 0,
          "attributes": {
            "filename": null,
            "id": "99ad7bcb862a7c003c10287ff10d46a5ae846d89835691f51dd73765fe5d5ca6",
            "rendered": "#!/bin/bash\n\ncd /home/ubuntu/app\nexport DB_HOST=mongodb://10.98.11.16:27017/posts\npm2 start app.js\n",
            "template": "#!/bin/bash\n\ncd /home/ubuntu/app\nexport DB_HOST=${db_host}\npm2 start app.js\n",
            "vars": {
              "db_host": "mongodb://10.98.11.16:27017/posts"
            }
          },
          "depends_on": [
            "module.db"
          ]
        },
        {
          "index_key": 2,
          "schema_version": 0,
          "attributes": {
            "filename": null,
            "id": "5280a31e73546c2f36b606157738bb08a363f6323c56e00a97898f9e2e971c3c",
            "rendered": "#!/bin/bash\n\ncd /home/ubuntu/app\nexport DB_HOST=mongodb://10.98.21.10:27017/posts\npm2 start app.js\n",
            "template": "#!/bin/bash\n\ncd /home/ubuntu/app\nexport DB_HOST=${db_host}\npm2 start app.js\n",
            "vars": {
              "db_host": "mongodb://10.98.21.10:27017/posts"
            }
          },
          "depends_on": [
            "module.db"
          ]
        }
      ]
    },
    {
      "module": "module.app",
      "mode": "managed",
      "type": "aws_instance",
      "name": "app",
      "each": "list",
      "provider": "provider.aws",
      "instances": [
        {
          "index_key": 0,
          "schema_version": 1,
          "attributes": {
            "ami": "ami-0cc993bb92cca80d3",
            "arn": "arn:aws:ec2:eu-west-1:135928476890:instance/i-07f1d40303a0c5cbe",
            "associate_public_ip_address": true,
            "availability_zone": "eu-west-1a",
            "cpu_core_count": 1,
            "cpu_threads_per_core": 1,
            "credit_specification": [
              {
                "cpu_credits": "standard"
              }
            ],
            "disable_api_termination": false,
            "ebs_block_device": [],
            "ebs_optimized": false,
            "ephemeral_block_device": [],
            "get_password_data": false,
            "host_id": null,
            "iam_instance_profile": "",
            "id": "i-07f1d40303a0c5cbe",
            "instance_initiated_shutdown_behavior": null,
            "instance_state": "running",
            "instance_type": "t2.micro",
            "ipv6_address_count": 0,
            "ipv6_addresses": [],
            "key_name": "Eng29-final-project-JB",
            "monitoring": false,
            "network_interface": [],
            "network_interface_id": null,
            "password_data": "",
            "placement_group": "",
            "primary_network_interface_id": "eni-05afc3310a6289b89",
            "private_dns": "ip-10-98-0-23.eu-west-1.compute.internal",
            "private_ip": "10.98.0.23",
            "public_dns": "ec2-63-33-199-47.eu-west-1.compute.amazonaws.com",
            "public_ip": "63.33.199.47",
            "root_block_device": [
              {
                "delete_on_termination": true,
                "iops": 100,
                "volume_id": "vol-060fe24204b32204f",
                "volume_size": 8,
                "volume_type": "gp2"
              }
            ],
            "security_groups": [],
            "source_dest_check": true,
            "subnet_id": "subnet-04cbd40abdb86e619",
            "tags": {
              "Name": "app-james-0"
            },
            "tenancy": "default",
            "timeouts": null,
            "user_data": "e1348488c4369490be45c3553752b85d3efc4de8",
            "user_data_base64": null,
            "volume_tags": {},
            "vpc_security_group_ids": [
              "sg-0b0ff41b6c41c1e6d"
            ]
          },
          "depends_on": [
            "aws_security_group.app",
            "aws_subnet.app"
          ]
        },
        {
          "index_key": 1,
          "schema_version": 1,
          "attributes": {
            "ami": "ami-0cc993bb92cca80d3",
            "arn": "arn:aws:ec2:eu-west-1:135928476890:instance/i-09bf273637346c307",
            "associate_public_ip_address": true,
            "availability_zone": "eu-west-1b",
            "cpu_core_count": 1,
            "cpu_threads_per_core": 1,
            "credit_specification": [
              {
                "cpu_credits": "standard"
              }
            ],
            "disable_api_termination": false,
            "ebs_block_device": [],
            "ebs_optimized": false,
            "ephemeral_block_device": [],
            "get_password_data": false,
            "host_id": null,
            "iam_instance_profile": "",
            "id": "i-09bf273637346c307",
            "instance_initiated_shutdown_behavior": null,
            "instance_state": "running",
            "instance_type": "t2.micro",
            "ipv6_address_count": 0,
            "ipv6_addresses": [],
            "key_name": "Eng29-final-project-JB",
            "monitoring": false,
            "network_interface": [],
            "network_interface_id": null,
            "password_data": "",
            "placement_group": "",
            "primary_network_interface_id": "eni-04bf5d3aef5a7aaac",
            "private_dns": "ip-10-98-10-224.eu-west-1.compute.internal",
            "private_ip": "10.98.10.224",
            "public_dns": "ec2-34-241-185-128.eu-west-1.compute.amazonaws.com",
            "public_ip": "34.241.185.128",
            "root_block_device": [
              {
                "delete_on_termination": true,
                "iops": 100,
                "volume_id": "vol-0c031ace988c509b1",
                "volume_size": 8,
                "volume_type": "gp2"
              }
            ],
            "security_groups": [],
            "source_dest_check": true,
            "subnet_id": "subnet-0ae68e58043fe55ee",
            "tags": {
              "Name": "app-james-1"
            },
            "tenancy": "default",
            "timeouts": null,
            "user_data": "0372a9064a73496b472cacab18adee5b2d09e72a",
            "user_data_base64": null,
            "volume_tags": {},
            "vpc_security_group_ids": [
              "sg-0b0ff41b6c41c1e6d"
            ]
          },
          "depends_on": [
            "aws_security_group.app",
            "aws_subnet.app"
          ]
        },
        {
          "index_key": 2,
          "schema_version": 1,
          "attributes": {
            "ami": "ami-0cc993bb92cca80d3",
            "arn": "arn:aws:ec2:eu-west-1:135928476890:instance/i-02c96a9cc992e7e66",
            "associate_public_ip_address": true,
            "availability_zone": "eu-west-1c",
            "cpu_core_count": 1,
            "cpu_threads_per_core": 1,
            "credit_specification": [
              {
                "cpu_credits": "standard"
              }
            ],
            "disable_api_termination": false,
            "ebs_block_device": [],
            "ebs_optimized": false,
            "ephemeral_block_device": [],
            "get_password_data": false,
            "host_id": null,
            "iam_instance_profile": "",
            "id": "i-02c96a9cc992e7e66",
            "instance_initiated_shutdown_behavior": null,
            "instance_state": "running",
            "instance_type": "t2.micro",
            "ipv6_address_count": 0,
            "ipv6_addresses": [],
            "key_name": "Eng29-final-project-JB",
            "monitoring": false,
            "network_interface": [],
            "network_interface_id": null,
            "password_data": "",
            "placement_group": "",
            "primary_network_interface_id": "eni-06c5b3613d0a9449c",
            "private_dns": "ip-10-98-20-32.eu-west-1.compute.internal",
            "private_ip": "10.98.20.32",
            "public_dns": "ec2-63-34-7-99.eu-west-1.compute.amazonaws.com",
            "public_ip": "63.34.7.99",
            "root_block_device": [
              {
                "delete_on_termination": true,
                "iops": 100,
                "volume_id": "vol-00bd9fa08b2baff5d",
                "volume_size": 8,
                "volume_type": "gp2"
              }
            ],
            "security_groups": [],
            "source_dest_check": true,
            "subnet_id": "subnet-05e86193f3b1212d8",
            "tags": {
              "Name": "app-james-2"
            },
            "tenancy": "default",
            "timeouts": null,
            "user_data": "025824610066124de7d6ec90ecbf487cc575382c",
            "user_data_base64": null,
            "volume_tags": {},
            "vpc_security_group_ids": [
              "sg-0b0ff41b6c41c1e6d"
            ]
          },
          "depends_on": [
            "aws_security_group.app",
            "aws_subnet.app"
          ]
        }
      ]
    },
    {
      "module": "module.db",
      "mode": "managed",
      "type": "aws_instance",
      "name": "db",
      "each": "list",
      "provider": "provider.aws",
      "instances": [
        {
          "index_key": 0,
          "schema_version": 1,
          "attributes": {
            "ami": "ami-0f8fd53560ca320f6",
            "arn": "arn:aws:ec2:eu-west-1:135928476890:instance/i-043080974fcdecdbc",
            "associate_public_ip_address": true,
            "availability_zone": "eu-west-1a",
            "cpu_core_count": 1,
            "cpu_threads_per_core": 1,
            "credit_specification": [
              {
                "cpu_credits": "standard"
              }
            ],
            "disable_api_termination": false,
            "ebs_block_device": [],
            "ebs_optimized": false,
            "ephemeral_block_device": [],
            "get_password_data": false,
            "host_id": null,
            "iam_instance_profile": "",
            "id": "i-043080974fcdecdbc",
            "instance_initiated_shutdown_behavior": null,
            "instance_state": "running",
            "instance_type": "t2.micro",
            "ipv6_address_count": 0,
            "ipv6_addresses": [],
            "key_name": "Eng29-final-project-JB",
            "monitoring": false,
            "network_interface": [],
            "network_interface_id": null,
            "password_data": "",
            "placement_group": "",
            "primary_network_interface_id": "eni-0981ee83e96b391ac",
            "private_dns": "ip-10-98-1-48.eu-west-1.compute.internal",
            "private_ip": "10.98.1.48",
            "public_dns": "ec2-52-210-31-163.eu-west-1.compute.amazonaws.com",
            "public_ip": "52.210.31.163",
            "root_block_device": [
              {
                "delete_on_termination": true,
                "iops": 100,
                "volume_id": "vol-0249b1470c780909c",
                "volume_size": 8,
                "volume_type": "gp2"
              }
            ],
            "security_groups": [],
            "source_dest_check": true,
            "subnet_id": "subnet-03ebb578663b072e1",
            "tags": {
              "Name": "app-james-db-0"
            },
            "tenancy": "default",
            "timeouts": null,
            "user_data": null,
            "user_data_base64": null,
            "volume_tags": {},
            "vpc_security_group_ids": [
              "sg-002cc0d0fd37f7e76"
            ]
          },
          "depends_on": [
            "aws_security_group.db",
            "aws_subnet.db"
          ]
        },
        {
          "index_key": 1,
          "schema_version": 1,
          "attributes": {
            "ami": "ami-0f8fd53560ca320f6",
            "arn": "arn:aws:ec2:eu-west-1:135928476890:instance/i-06af52449956b0725",
            "associate_public_ip_address": true,
            "availability_zone": "eu-west-1b",
            "cpu_core_count": 1,
            "cpu_threads_per_core": 1,
            "credit_specification": [
              {
                "cpu_credits": "standard"
              }
            ],
            "disable_api_termination": false,
            "ebs_block_device": [],
            "ebs_optimized": false,
            "ephemeral_block_device": [],
            "get_password_data": false,
            "host_id": null,
            "iam_instance_profile": "",
            "id": "i-06af52449956b0725",
            "instance_initiated_shutdown_behavior": null,
            "instance_state": "running",
            "instance_type": "t2.micro",
            "ipv6_address_count": 0,
            "ipv6_addresses": [],
            "key_name": "Eng29-final-project-JB",
            "monitoring": false,
            "network_interface": [],
            "network_interface_id": null,
            "password_data": "",
            "placement_group": "",
            "primary_network_interface_id": "eni-027da74437030aa32",
            "private_dns": "ip-10-98-11-16.eu-west-1.compute.internal",
            "private_ip": "10.98.11.16",
            "public_dns": "ec2-34-247-174-248.eu-west-1.compute.amazonaws.com",
            "public_ip": "34.247.174.248",
            "root_block_device": [
              {
                "delete_on_termination": true,
                "iops": 100,
                "volume_id": "vol-0a43f4c1406b72e86",
                "volume_size": 8,
                "volume_type": "gp2"
              }
            ],
            "security_groups": [],
            "source_dest_check": true,
            "subnet_id": "subnet-047ab0e9e77f9bfab",
            "tags": {
              "Name": "app-james-db-1"
            },
            "tenancy": "default",
            "timeouts": null,
            "user_data": null,
            "user_data_base64": null,
            "volume_tags": {},
            "vpc_security_group_ids": [
              "sg-002cc0d0fd37f7e76"
            ]
          },
          "depends_on": [
            "aws_security_group.db",
            "aws_subnet.db"
          ]
        },
        {
          "index_key": 2,
          "schema_version": 1,
          "attributes": {
            "ami": "ami-0f8fd53560ca320f6",
            "arn": "arn:aws:ec2:eu-west-1:135928476890:instance/i-03bfc1458fcd142d1",
            "associate_public_ip_address": true,
            "availability_zone": "eu-west-1c",
            "cpu_core_count": 1,
            "cpu_threads_per_core": 1,
            "credit_specification": [
              {
                "cpu_credits": "standard"
              }
            ],
            "disable_api_termination": false,
            "ebs_block_device": [],
            "ebs_optimized": false,
            "ephemeral_block_device": [],
            "get_password_data": false,
            "host_id": null,
            "iam_instance_profile": "",
            "id": "i-03bfc1458fcd142d1",
            "instance_initiated_shutdown_behavior": null,
            "instance_state": "running",
            "instance_type": "t2.micro",
            "ipv6_address_count": 0,
            "ipv6_addresses": [],
            "key_name": "Eng29-final-project-JB",
            "monitoring": false,
            "network_interface": [],
            "network_interface_id": null,
            "password_data": "",
            "placement_group": "",
            "primary_network_interface_id": "eni-0c4cf8af8181b6e70",
            "private_dns": "ip-10-98-21-10.eu-west-1.compute.internal",
            "private_ip": "10.98.21.10",
            "public_dns": "ec2-34-242-104-187.eu-west-1.compute.amazonaws.com",
            "public_ip": "34.242.104.187",
            "root_block_device": [
              {
                "delete_on_termination": true,
                "iops": 100,
                "volume_id": "vol-0e6e922f3ae269e92",
                "volume_size": 8,
                "volume_type": "gp2"
              }
            ],
            "security_groups": [],
            "source_dest_check": true,
            "subnet_id": "subnet-0c4f716c345469b9c",
            "tags": {
              "Name": "app-james-db-2"
            },
            "tenancy": "default",
            "timeouts": null,
            "user_data": null,
            "user_data_base64": null,
            "volume_tags": {},
            "vpc_security_group_ids": [
              "sg-002cc0d0fd37f7e76"
            ]
          },
          "depends_on": [
            "aws_security_group.db",
            "aws_subnet.db"
          ]
        }
      ]
    },
    {
      "mode": "managed",
      "type": "aws_internet_gateway",
      "name": "app",
      "provider": "provider.aws",
      "instances": [
        {
          "schema_version": 0,
          "attributes": {
            "id": "igw-0faa10bec0380785b",
            "owner_id": "135928476890",
            "tags": {
              "Name": "app-james"
            },
            "vpc_id": "vpc-0a75d0e2f39c71901"
          },
          "depends_on": [
            "aws_vpc.app"
          ]
        }
      ]
    },
    {
      "mode": "managed",
      "type": "aws_key_pair",
      "name": "default",
      "provider": "provider.aws",
      "instances": [
        {
          "schema_version": 1,
          "attributes": {
            "fingerprint": "57:98:a5:64:02:a6:38:79:f2:a6:c0:53:7c:15:4d:c2",
            "id": "Eng29-final-project-JB",
            "key_name": "Eng29-final-project-JB",
            "key_name_prefix": null,
            "public_key": "ssh-rsa AAAAB3NzaC1yc2EAAAADAQABAAACAQDIBLziPSCZQhDsjyknqTvcMdCjtWbwbYeNo4Kma5u88bMEsurR7Uwj6EuN7R5S9FP5kqHRt0H74sQt0YRvOlDwYTAy/fG5C3oKoh1ZDxS6ZrDCzGbItuTCbx/+fgsZ60PgNirICeqGurNHhIkJqNhr0VXo0Bb/F9Gk8kEkMcNlvOJ96rgrxXx7ORua5HBSU+chyPiPceaV+cKSHwRa1uz60zdDj3dZP87UNjby808AD4eXl1tiuY2cV4ZYrNWPLCFZOTT9JEl5BDrwzTntVc5vyqjHNDqXLZvHNPbWTaHrJSBpKQ06h0E9DzxUM6kCbabhqcAMfloAihWVH9jkyFyOGAFp67qCP0vcWBV2JbxrskGB6/W2zptLTg+VoqLMYSybBj7UNVee7nY5H8EOV5rLXXAVyIRDfSfucerJFb0VRonogDyfDYoCsCPSIksgQpfZ/St6QarJUBCtpv3LdPMTBVej6k7YqYwlGNapwkq3DHHIIuRIF03fiK5+kEhirZpjbsXzbNykiGmjWHYWhlQ/KZNkYzs0hc8uCNGrwSHJjtSewdSr6xTB5qQsvDq/AMjXobfbrpPNCyrHWbFYTnZBm3e+YsKRqD9IxZHu7paSaTisqyGMY0I1jz2KWne9trypls1ksn9penqWTgX0ikaWjSKsZXE1fieurwA9E1DBWQ== jbachen@spartaglobal.com"
          }
        }
      ]
    },
    {
      "module": "module.app",
      "mode": "managed",
      "type": "aws_network_acl",
      "name": "app",
      "each": "list",
      "provider": "provider.aws",
      "instances": [
        {
          "index_key": 0,
          "schema_version": 0,
          "attributes": {
            "egress": [
              {
                "action": "allow",
                "cidr_block": "0.0.0.0/0",
                "from_port": 1024,
                "icmp_code": 0,
                "icmp_type": 0,
                "ipv6_cidr_block": "",
                "protocol": "6",
                "rule_no": 120,
                "to_port": 65535
              },
              {
                "action": "allow",
                "cidr_block": "0.0.0.0/0",
                "from_port": 22,
                "icmp_code": 0,
                "icmp_type": 0,
                "ipv6_cidr_block": "",
                "protocol": "6",
                "rule_no": 130,
                "to_port": 22
              },
              {
                "action": "allow",
                "cidr_block": "0.0.0.0/0",
                "from_port": 80,
                "icmp_code": 0,
                "icmp_type": 0,
                "ipv6_cidr_block": "",
                "protocol": "6",
                "rule_no": 100,
                "to_port": 80
              }
            ],
            "id": "acl-01a2449d4e9e1e5b3",
            "ingress": [
              {
                "action": "allow",
                "cidr_block": "0.0.0.0/0",
                "from_port": 1024,
                "icmp_code": 0,
                "icmp_type": 0,
                "ipv6_cidr_block": "",
                "protocol": "6",
                "rule_no": 120,
                "to_port": 65535
              },
              {
                "action": "allow",
                "cidr_block": "0.0.0.0/0",
                "from_port": 22,
                "icmp_code": 0,
                "icmp_type": 0,
                "ipv6_cidr_block": "",
                "protocol": "6",
                "rule_no": 130,
                "to_port": 22
              },
              {
                "action": "allow",
                "cidr_block": "0.0.0.0/0",
                "from_port": 80,
                "icmp_code": 0,
                "icmp_type": 0,
                "ipv6_cidr_block": "",
                "protocol": "6",
                "rule_no": 100,
                "to_port": 80
              }
            ],
            "owner_id": "135928476890",
            "subnet_id": null,
            "subnet_ids": [
              "subnet-04cbd40abdb86e619"
            ],
            "tags": {
              "Name": "app-james-0"
            },
            "vpc_id": "vpc-0a75d0e2f39c71901"
          },
          "depends_on": [
            "aws_subnet.app"
          ]
        },
        {
          "index_key": 1,
          "schema_version": 0,
          "attributes": {
            "egress": [
              {
                "action": "allow",
                "cidr_block": "0.0.0.0/0",
                "from_port": 1024,
                "icmp_code": 0,
                "icmp_type": 0,
                "ipv6_cidr_block": "",
                "protocol": "6",
                "rule_no": 120,
                "to_port": 65535
              },
              {
                "action": "allow",
                "cidr_block": "0.0.0.0/0",
                "from_port": 22,
                "icmp_code": 0,
                "icmp_type": 0,
                "ipv6_cidr_block": "",
                "protocol": "6",
                "rule_no": 130,
                "to_port": 22
              },
              {
                "action": "allow",
                "cidr_block": "0.0.0.0/0",
                "from_port": 80,
                "icmp_code": 0,
                "icmp_type": 0,
                "ipv6_cidr_block": "",
                "protocol": "6",
                "rule_no": 100,
                "to_port": 80
              }
            ],
            "id": "acl-0e62093ddbc08804f",
            "ingress": [
              {
                "action": "allow",
                "cidr_block": "0.0.0.0/0",
                "from_port": 1024,
                "icmp_code": 0,
                "icmp_type": 0,
                "ipv6_cidr_block": "",
                "protocol": "6",
                "rule_no": 120,
                "to_port": 65535
              },
              {
                "action": "allow",
                "cidr_block": "0.0.0.0/0",
                "from_port": 22,
                "icmp_code": 0,
                "icmp_type": 0,
                "ipv6_cidr_block": "",
                "protocol": "6",
                "rule_no": 130,
                "to_port": 22
              },
              {
                "action": "allow",
                "cidr_block": "0.0.0.0/0",
                "from_port": 80,
                "icmp_code": 0,
                "icmp_type": 0,
                "ipv6_cidr_block": "",
                "protocol": "6",
                "rule_no": 100,
                "to_port": 80
              }
            ],
            "owner_id": "135928476890",
            "subnet_id": null,
            "subnet_ids": [
              "subnet-0ae68e58043fe55ee"
            ],
            "tags": {
              "Name": "app-james-1"
            },
            "vpc_id": "vpc-0a75d0e2f39c71901"
          },
          "depends_on": [
            "aws_subnet.app"
          ]
        },
        {
          "index_key": 2,
          "schema_version": 0,
          "attributes": {
            "egress": [
              {
                "action": "allow",
                "cidr_block": "0.0.0.0/0",
                "from_port": 1024,
                "icmp_code": 0,
                "icmp_type": 0,
                "ipv6_cidr_block": "",
                "protocol": "6",
                "rule_no": 120,
                "to_port": 65535
              },
              {
                "action": "allow",
                "cidr_block": "0.0.0.0/0",
                "from_port": 22,
                "icmp_code": 0,
                "icmp_type": 0,
                "ipv6_cidr_block": "",
                "protocol": "6",
                "rule_no": 130,
                "to_port": 22
              },
              {
                "action": "allow",
                "cidr_block": "0.0.0.0/0",
                "from_port": 80,
                "icmp_code": 0,
                "icmp_type": 0,
                "ipv6_cidr_block": "",
                "protocol": "6",
                "rule_no": 100,
                "to_port": 80
              }
            ],
            "id": "acl-023f1f96dbb247130",
            "ingress": [
              {
                "action": "allow",
                "cidr_block": "0.0.0.0/0",
                "from_port": 1024,
                "icmp_code": 0,
                "icmp_type": 0,
                "ipv6_cidr_block": "",
                "protocol": "6",
                "rule_no": 120,
                "to_port": 65535
              },
              {
                "action": "allow",
                "cidr_block": "0.0.0.0/0",
                "from_port": 22,
                "icmp_code": 0,
                "icmp_type": 0,
                "ipv6_cidr_block": "",
                "protocol": "6",
                "rule_no": 130,
                "to_port": 22
              },
              {
                "action": "allow",
                "cidr_block": "0.0.0.0/0",
                "from_port": 80,
                "icmp_code": 0,
                "icmp_type": 0,
                "ipv6_cidr_block": "",
                "protocol": "6",
                "rule_no": 100,
                "to_port": 80
              }
            ],
            "owner_id": "135928476890",
            "subnet_id": null,
            "subnet_ids": [
              "subnet-05e86193f3b1212d8"
            ],
            "tags": {
              "Name": "app-james-2"
            },
            "vpc_id": "vpc-0a75d0e2f39c71901"
          },
          "depends_on": [
            "aws_subnet.app"
          ]
        }
      ]
    },
    {
      "module": "module.db",
      "mode": "managed",
      "type": "aws_network_acl",
      "name": "db",
      "each": "list",
      "provider": "provider.aws",
      "instances": [
        {
          "index_key": 0,
          "schema_version": 0,
          "attributes": {
            "egress": [
              {
                "action": "allow",
                "cidr_block": "0.0.0.0/0",
                "from_port": 22,
                "icmp_code": 0,
                "icmp_type": 0,
                "ipv6_cidr_block": "",
                "protocol": "6",
                "rule_no": 130,
                "to_port": 22
              },
              {
                "action": "allow",
                "cidr_block": "10.98.0.0/24",
                "from_port": 1024,
                "icmp_code": 0,
                "icmp_type": 0,
                "ipv6_cidr_block": "",
                "protocol": "6",
                "rule_no": 120,
                "to_port": 65535
              }
            ],
            "id": "acl-0b7b85198f1433c1f",
            "ingress": [
              {
                "action": "allow",
                "cidr_block": "0.0.0.0/0",
                "from_port": 22,
                "icmp_code": 0,
                "icmp_type": 0,
                "ipv6_cidr_block": "",
                "protocol": "6",
                "rule_no": 130,
                "to_port": 22
              },
              {
                "action": "allow",
                "cidr_block": "10.98.0.0/24",
                "from_port": 27017,
                "icmp_code": 0,
                "icmp_type": 0,
                "ipv6_cidr_block": "",
                "protocol": "6",
                "rule_no": 100,
                "to_port": 27017
              }
            ],
            "owner_id": "135928476890",
            "subnet_id": null,
            "subnet_ids": [
              "subnet-03ebb578663b072e1"
            ],
            "tags": {
              "Name": "app-james-db-0"
            },
            "vpc_id": "vpc-0a75d0e2f39c71901"
          },
          "depends_on": [
            "aws_subnet.db"
          ]
        },
        {
          "index_key": 1,
          "schema_version": 0,
          "attributes": {
            "egress": [
              {
                "action": "allow",
                "cidr_block": "0.0.0.0/0",
                "from_port": 22,
                "icmp_code": 0,
                "icmp_type": 0,
                "ipv6_cidr_block": "",
                "protocol": "6",
                "rule_no": 130,
                "to_port": 22
              },
              {
                "action": "allow",
                "cidr_block": "10.98.10.0/24",
                "from_port": 1024,
                "icmp_code": 0,
                "icmp_type": 0,
                "ipv6_cidr_block": "",
                "protocol": "6",
                "rule_no": 120,
                "to_port": 65535
              }
            ],
            "id": "acl-0f2091a08ea6badcb",
            "ingress": [
              {
                "action": "allow",
                "cidr_block": "0.0.0.0/0",
                "from_port": 22,
                "icmp_code": 0,
                "icmp_type": 0,
                "ipv6_cidr_block": "",
                "protocol": "6",
                "rule_no": 130,
                "to_port": 22
              },
              {
                "action": "allow",
                "cidr_block": "10.98.10.0/24",
                "from_port": 27017,
                "icmp_code": 0,
                "icmp_type": 0,
                "ipv6_cidr_block": "",
                "protocol": "6",
                "rule_no": 100,
                "to_port": 27017
              }
            ],
            "owner_id": "135928476890",
            "subnet_id": null,
            "subnet_ids": [
              "subnet-047ab0e9e77f9bfab"
            ],
            "tags": {
              "Name": "app-james-db-1"
            },
            "vpc_id": "vpc-0a75d0e2f39c71901"
          },
          "depends_on": [
            "aws_subnet.db"
          ]
        },
        {
          "index_key": 2,
          "schema_version": 0,
          "attributes": {
            "egress": [
              {
                "action": "allow",
                "cidr_block": "0.0.0.0/0",
                "from_port": 22,
                "icmp_code": 0,
                "icmp_type": 0,
                "ipv6_cidr_block": "",
                "protocol": "6",
                "rule_no": 130,
                "to_port": 22
              },
              {
                "action": "allow",
                "cidr_block": "10.98.20.0/24",
                "from_port": 1024,
                "icmp_code": 0,
                "icmp_type": 0,
                "ipv6_cidr_block": "",
                "protocol": "6",
                "rule_no": 120,
                "to_port": 65535
              }
            ],
            "id": "acl-0af40b75d20f80808",
            "ingress": [
              {
                "action": "allow",
                "cidr_block": "0.0.0.0/0",
                "from_port": 22,
                "icmp_code": 0,
                "icmp_type": 0,
                "ipv6_cidr_block": "",
                "protocol": "6",
                "rule_no": 130,
                "to_port": 22
              },
              {
                "action": "allow",
                "cidr_block": "10.98.20.0/24",
                "from_port": 27017,
                "icmp_code": 0,
                "icmp_type": 0,
                "ipv6_cidr_block": "",
                "protocol": "6",
                "rule_no": 100,
                "to_port": 27017
              }
            ],
            "owner_id": "135928476890",
            "subnet_id": null,
            "subnet_ids": [
              "subnet-0c4f716c345469b9c"
            ],
            "tags": {
              "Name": "app-james-db-2"
            },
            "vpc_id": "vpc-0a75d0e2f39c71901"
          },
          "depends_on": [
            "aws_subnet.db"
          ]
        }
      ]
    },
    {
      "mode": "managed",
      "type": "aws_route53_record",
      "name": "dns_record",
      "provider": "provider.aws",
      "instances": [
        {
          "schema_version": 2,
          "attributes": {
            "alias": [],
            "allow_overwrite": null,
            "failover_routing_policy": [],
            "fqdn": "engineering29-devops.spartaglobal.education",
            "geolocation_routing_policy": [],
            "health_check_id": null,
            "id": "Z3CCIZELFLJ3SC_engineering29-devops.spartaglobal.education._A",
            "latency_routing_policy": [],
            "multivalue_answer_routing_policy": null,
            "name": "engineering29-devops.spartaglobal.education",
            "records": [
              "212.161.55.68"
            ],
            "set_identifier": null,
            "ttl": 1800,
            "type": "A",
            "weighted_routing_policy": [],
            "zone_id": "Z3CCIZELFLJ3SC"
          },
          "depends_on": [
            "data.aws_route53_zone.hosted_zone",
            "data.http.ip"
          ]
        }
      ]
    },
    {
      "module": "module.app",
      "mode": "managed",
      "type": "aws_route_table",
      "name": "app",
      "provider": "provider.aws",
      "instances": [
        {
          "schema_version": 0,
          "attributes": {
            "id": "rtb-0b54288afd550283a",
            "owner_id": "135928476890",
            "propagating_vgws": [],
            "route": [
              {
                "cidr_block": "0.0.0.0/0",
                "egress_only_gateway_id": "",
                "gateway_id": "igw-0faa10bec0380785b",
                "instance_id": "",
                "ipv6_cidr_block": "",
                "nat_gateway_id": "",
                "network_interface_id": "",
                "transit_gateway_id": "",
                "vpc_peering_connection_id": ""
              }
            ],
            "tags": {
              "Name": "app-james-public"
            },
            "vpc_id": "vpc-0a75d0e2f39c71901"
          }
        }
      ]
    },
    {
      "module": "module.db",
      "mode": "managed",
      "type": "aws_route_table",
      "name": "db",
      "provider": "provider.aws",
      "instances": [
        {
          "schema_version": 0,
          "attributes": {
            "id": "rtb-090d2405279f6e285",
            "owner_id": "135928476890",
            "propagating_vgws": [],
            "route": [
              {
                "cidr_block": "0.0.0.0/0",
                "egress_only_gateway_id": "",
                "gateway_id": "igw-0faa10bec0380785b",
                "instance_id": "",
                "ipv6_cidr_block": "",
                "nat_gateway_id": "",
                "network_interface_id": "",
                "transit_gateway_id": "",
                "vpc_peering_connection_id": ""
              }
            ],
            "tags": {
              "Name": "app-james-db-private"
            },
            "vpc_id": "vpc-0a75d0e2f39c71901"
          }
        }
      ]
    },
    {
      "module": "module.app",
      "mode": "managed",
      "type": "aws_route_table_association",
      "name": "app",
      "each": "list",
      "provider": "provider.aws",
      "instances": [
        {
          "index_key": 0,
          "schema_version": 0,
          "attributes": {
            "id": "rtbassoc-08b239880dcbb6ad1",
            "route_table_id": "rtb-0b54288afd550283a",
            "subnet_id": "subnet-04cbd40abdb86e619"
          },
          "depends_on": [
            "aws_route_table.app",
            "aws_subnet.app"
          ]
        },
        {
          "index_key": 1,
          "schema_version": 0,
          "attributes": {
            "id": "rtbassoc-0e3e9dac39ce6882b",
            "route_table_id": "rtb-0b54288afd550283a",
            "subnet_id": "subnet-0ae68e58043fe55ee"
          },
          "depends_on": [
            "aws_route_table.app",
            "aws_subnet.app"
          ]
        },
        {
          "index_key": 2,
          "schema_version": 0,
          "attributes": {
            "id": "rtbassoc-0ddce8c84391a9cfe",
            "route_table_id": "rtb-0b54288afd550283a",
            "subnet_id": "subnet-05e86193f3b1212d8"
          },
          "depends_on": [
            "aws_route_table.app",
            "aws_subnet.app"
          ]
        }
      ]
    },
    {
      "module": "module.db",
      "mode": "managed",
      "type": "aws_route_table_association",
      "name": "db",
      "each": "list",
      "provider": "provider.aws",
      "instances": [
        {
          "index_key": 0,
          "schema_version": 0,
          "attributes": {
            "id": "rtbassoc-02de4bfc494b9d700",
            "route_table_id": "rtb-090d2405279f6e285",
            "subnet_id": "subnet-03ebb578663b072e1"
          },
          "depends_on": [
            "aws_route_table.db",
            "aws_subnet.db"
          ]
        },
        {
          "index_key": 1,
          "schema_version": 0,
          "attributes": {
            "id": "rtbassoc-0ca325674537334e9",
            "route_table_id": "rtb-090d2405279f6e285",
            "subnet_id": "subnet-047ab0e9e77f9bfab"
          },
          "depends_on": [
            "aws_route_table.db",
            "aws_subnet.db"
          ]
        },
        {
          "index_key": 2,
          "schema_version": 0,
          "attributes": {
            "id": "rtbassoc-0a3457d4f896f9384",
            "route_table_id": "rtb-090d2405279f6e285",
            "subnet_id": "subnet-0c4f716c345469b9c"
          },
          "depends_on": [
            "aws_route_table.db",
            "aws_subnet.db"
          ]
        }
      ]
    },
    {
      "module": "module.app",
      "mode": "managed",
      "type": "aws_security_group",
      "name": "app",
      "provider": "provider.aws",
      "instances": [
        {
          "schema_version": 1,
          "attributes": {
            "arn": "arn:aws:ec2:eu-west-1:135928476890:security-group/sg-0b0ff41b6c41c1e6d",
            "description": "app-james access",
            "egress": [
              {
                "cidr_blocks": [
                  "0.0.0.0/0"
                ],
                "description": "",
                "from_port": 0,
                "ipv6_cidr_blocks": [],
                "prefix_list_ids": [],
                "protocol": "-1",
                "security_groups": [],
                "self": false,
                "to_port": 0
              },
              {
                "cidr_blocks": [
                  "0.0.0.0/0"
                ],
                "description": "",
                "from_port": 22,
                "ipv6_cidr_blocks": [],
                "prefix_list_ids": [],
                "protocol": "tcp",
                "security_groups": [],
                "self": false,
                "to_port": 22
              }
            ],
            "id": "sg-0b0ff41b6c41c1e6d",
            "ingress": [
              {
                "cidr_blocks": [
                  "0.0.0.0/0"
                ],
                "description": "",
                "from_port": 22,
                "ipv6_cidr_blocks": [],
                "prefix_list_ids": [],
                "protocol": "tcp",
                "security_groups": [],
                "self": false,
                "to_port": 22
              },
              {
                "cidr_blocks": [
                  "0.0.0.0/0"
                ],
                "description": "",
                "from_port": 80,
                "ipv6_cidr_blocks": [],
                "prefix_list_ids": [],
                "protocol": "tcp",
                "security_groups": [],
                "self": false,
                "to_port": 80
              }
            ],
            "name": "app-james",
            "name_prefix": null,
            "owner_id": "135928476890",
            "revoke_rules_on_delete": false,
            "tags": {
              "Name": "app-james"
            },
            "timeouts": null,
            "vpc_id": "vpc-0a75d0e2f39c71901"
          }
        }
      ]
    },
    {
      "module": "module.db",
      "mode": "managed",
      "type": "aws_security_group",
      "name": "db",
      "provider": "provider.aws",
      "instances": [
        {
          "schema_version": 1,
          "attributes": {
            "arn": "arn:aws:ec2:eu-west-1:135928476890:security-group/sg-002cc0d0fd37f7e76",
            "description": "app-james db access",
            "egress": [
              {
                "cidr_blocks": [
                  "0.0.0.0/0"
                ],
                "description": "",
                "from_port": 0,
                "ipv6_cidr_blocks": [],
                "prefix_list_ids": [],
                "protocol": "-1",
                "security_groups": [],
                "self": false,
                "to_port": 0
              },
              {
                "cidr_blocks": [
                  "0.0.0.0/0"
                ],
                "description": "",
                "from_port": 22,
                "ipv6_cidr_blocks": [],
                "prefix_list_ids": [],
                "protocol": "tcp",
                "security_groups": [],
                "self": false,
                "to_port": 22
              }
            ],
            "id": "sg-002cc0d0fd37f7e76",
            "ingress": [
              {
                "cidr_blocks": [
                  "0.0.0.0/0"
                ],
                "description": "",
                "from_port": 22,
                "ipv6_cidr_blocks": [],
                "prefix_list_ids": [],
                "protocol": "tcp",
                "security_groups": [],
                "self": false,
                "to_port": 22
              },
              {
                "cidr_blocks": [],
                "description": "",
                "from_port": 27017,
                "ipv6_cidr_blocks": [],
                "prefix_list_ids": [],
                "protocol": "tcp",
                "security_groups": [
                  "sg-0b0ff41b6c41c1e6d"
                ],
                "self": false,
                "to_port": 27017
              }
            ],
            "name": "app-james-db",
            "name_prefix": null,
            "owner_id": "135928476890",
            "revoke_rules_on_delete": false,
            "tags": {
              "Name": "app-james-db"
            },
            "timeouts": null,
            "vpc_id": "vpc-0a75d0e2f39c71901"
          }
        }
      ]
    },
    {
      "module": "module.app",
      "mode": "managed",
      "type": "aws_subnet",
      "name": "app",
      "each": "list",
      "provider": "provider.aws",
      "instances": [
        {
          "index_key": 0,
          "schema_version": 1,
          "attributes": {
            "arn": "arn:aws:ec2:eu-west-1:135928476890:subnet/subnet-04cbd40abdb86e619",
            "assign_ipv6_address_on_creation": false,
            "availability_zone": "eu-west-1a",
            "availability_zone_id": "euw1-az3",
            "cidr_block": "10.98.0.0/24",
            "id": "subnet-04cbd40abdb86e619",
            "ipv6_cidr_block": "",
            "ipv6_cidr_block_association_id": "",
            "map_public_ip_on_launch": true,
            "owner_id": "135928476890",
            "tags": {
              "Name": "app-james-0"
            },
            "timeouts": null,
            "vpc_id": "vpc-0a75d0e2f39c71901"
          }
        },
        {
          "index_key": 1,
          "schema_version": 1,
          "attributes": {
            "arn": "arn:aws:ec2:eu-west-1:135928476890:subnet/subnet-0ae68e58043fe55ee",
            "assign_ipv6_address_on_creation": false,
            "availability_zone": "eu-west-1b",
            "availability_zone_id": "euw1-az1",
            "cidr_block": "10.98.10.0/24",
            "id": "subnet-0ae68e58043fe55ee",
            "ipv6_cidr_block": "",
            "ipv6_cidr_block_association_id": "",
            "map_public_ip_on_launch": true,
            "owner_id": "135928476890",
            "tags": {
              "Name": "app-james-1"
            },
            "timeouts": null,
            "vpc_id": "vpc-0a75d0e2f39c71901"
          }
        },
        {
          "index_key": 2,
          "schema_version": 1,
          "attributes": {
            "arn": "arn:aws:ec2:eu-west-1:135928476890:subnet/subnet-05e86193f3b1212d8",
            "assign_ipv6_address_on_creation": false,
            "availability_zone": "eu-west-1c",
            "availability_zone_id": "euw1-az2",
            "cidr_block": "10.98.20.0/24",
            "id": "subnet-05e86193f3b1212d8",
            "ipv6_cidr_block": "",
            "ipv6_cidr_block_association_id": "",
            "map_public_ip_on_launch": true,
            "owner_id": "135928476890",
            "tags": {
              "Name": "app-james-2"
            },
            "timeouts": null,
            "vpc_id": "vpc-0a75d0e2f39c71901"
          }
        }
      ]
    },
    {
      "module": "module.db",
      "mode": "managed",
      "type": "aws_subnet",
      "name": "db",
      "each": "list",
      "provider": "provider.aws",
      "instances": [
        {
          "index_key": 0,
          "schema_version": 1,
          "attributes": {
            "arn": "arn:aws:ec2:eu-west-1:135928476890:subnet/subnet-03ebb578663b072e1",
            "assign_ipv6_address_on_creation": false,
            "availability_zone": "eu-west-1a",
            "availability_zone_id": "euw1-az3",
            "cidr_block": "10.98.1.0/24",
            "id": "subnet-03ebb578663b072e1",
            "ipv6_cidr_block": "",
            "ipv6_cidr_block_association_id": "",
            "map_public_ip_on_launch": true,
            "owner_id": "135928476890",
            "tags": {
              "Name": "app-james-db-0"
            },
            "timeouts": null,
            "vpc_id": "vpc-0a75d0e2f39c71901"
          }
        },
        {
          "index_key": 1,
          "schema_version": 1,
          "attributes": {
            "arn": "arn:aws:ec2:eu-west-1:135928476890:subnet/subnet-047ab0e9e77f9bfab",
            "assign_ipv6_address_on_creation": false,
            "availability_zone": "eu-west-1b",
            "availability_zone_id": "euw1-az1",
            "cidr_block": "10.98.11.0/24",
            "id": "subnet-047ab0e9e77f9bfab",
            "ipv6_cidr_block": "",
            "ipv6_cidr_block_association_id": "",
            "map_public_ip_on_launch": true,
            "owner_id": "135928476890",
            "tags": {
              "Name": "app-james-db-1"
            },
            "timeouts": null,
            "vpc_id": "vpc-0a75d0e2f39c71901"
          }
        },
        {
          "index_key": 2,
          "schema_version": 1,
          "attributes": {
            "arn": "arn:aws:ec2:eu-west-1:135928476890:subnet/subnet-0c4f716c345469b9c",
            "assign_ipv6_address_on_creation": false,
            "availability_zone": "eu-west-1c",
            "availability_zone_id": "euw1-az2",
            "cidr_block": "10.98.21.0/24",
            "id": "subnet-0c4f716c345469b9c",
            "ipv6_cidr_block": "",
            "ipv6_cidr_block_association_id": "",
            "map_public_ip_on_launch": true,
            "owner_id": "135928476890",
            "tags": {
              "Name": "app-james-db-2"
            },
            "timeouts": null,
            "vpc_id": "vpc-0a75d0e2f39c71901"
          }
        }
      ]
    },
    {
      "mode": "managed",
      "type": "aws_vpc",
      "name": "app",
      "provider": "provider.aws",
      "instances": [
        {
          "schema_version": 1,
          "attributes": {
            "arn": "arn:aws:ec2:eu-west-1:135928476890:vpc/vpc-0a75d0e2f39c71901",
            "assign_generated_ipv6_cidr_block": false,
            "cidr_block": "10.98.0.0/16",
            "default_network_acl_id": "acl-01d97631c81d2d54b",
            "default_route_table_id": "rtb-09647340291a52f83",
            "default_security_group_id": "sg-0a1c9da767036d8f2",
            "dhcp_options_id": "dopt-18d5d77d",
            "enable_classiclink": false,
            "enable_classiclink_dns_support": false,
            "enable_dns_hostnames": true,
            "enable_dns_support": true,
            "id": "vpc-0a75d0e2f39c71901",
            "instance_tenancy": "default",
            "ipv6_association_id": "",
            "ipv6_cidr_block": "",
            "main_route_table_id": "rtb-09647340291a52f83",
            "owner_id": "135928476890",
            "tags": {
              "Name": "app-james"
            }
          }
        }
      ]
    }
  ]
}
