DEPENDENCIES
  mongo
    git: https://github.com/ARLeslie95/ChefMongoConfiguration.git
    revision: c2e8910df8bc97548076c9ae3da3f729cc8052e1
  mongo_cookbook
    path: .
    metadata: true
  node
    git: https://github.com/ARLeslie95/NginxReverseProxyCookbook.git
    revision: 3ec5b5f23e1fad7ea737ac06c6df67f5f05464d9

GRAPH
  apt (7.1.1)
  ark (4.0.0)
    build-essential (>= 0.0.0)
    seven_zip (>= 0.0.0)
  build-essential (8.2.1)
    mingw (>= 1.1)
    seven_zip (>= 0.0.0)
  mingw (2.1.0)
    seven_zip (>= 0.0.0)
  mongo (0.1.0)
    apt (>= 0.0.0)
  mongo_cookbook (0.1.0)
    mongo (>= 0.0.0)
    node (>= 0.0.0)
  node (0.1.0)
    nodejs (~> 5.0.0)
  nodejs (5.0.0)
    ark (>= 2.0.2)
    build-essential (>= 0.0.0)
  seven_zip (3.1.1)
    windows (>= 0.0.0)
  windows (6.0.0)
